// !$*UTF8*$!
{
	archiveVersion = 1;
	classes = {
	};
	objectVersion = 46;
	objects = {

/* Begin PBXBuildFile section */
		07DD15541BE1F6A4006158E6 /* main.m in Sources */ = {isa = PBXBuildFile; fileRef = 07DD15531BE1F6A4006158E6 /* main.m */; };
		07DD15571BE1F6A4006158E6 /* AppDelegate.m in Sources */ = {isa = PBXBuildFile; fileRef = 07DD15561BE1F6A4006158E6 /* AppDelegate.m */; };
		07DD155A1BE1F6A4006158E6 /* ViewController.m in Sources */ = {isa = PBXBuildFile; fileRef = 07DD15591BE1F6A4006158E6 /* ViewController.m */; };
		07DD155D1BE1F6A4006158E6 /* Main.storyboard in Resources */ = {isa = PBXBuildFile; fileRef = 07DD155B1BE1F6A4006158E6 /* Main.storyboard */; };
		07DD155F1BE1F6A4006158E6 /* Assets.xcassets in Resources */ = {isa = PBXBuildFile; fileRef = 07DD155E1BE1F6A4006158E6 /* Assets.xcassets */; };
		07DD15621BE1F6A4006158E6 /* LaunchScreen.storyboard in Resources */ = {isa = PBXBuildFile; fileRef = 07DD15601BE1F6A4006158E6 /* LaunchScreen.storyboard */; };
		07DD156D1BE1F6A4006158E6 /* MSCKitDemoTests.m in Sources */ = {isa = PBXBuildFile; fileRef = 07DD156C1BE1F6A4006158E6 /* MSCKitDemoTests.m */; };
		07DD15781BE1F6A4006158E6 /* MSCKitDemoUITests.m in Sources */ = {isa = PBXBuildFile; fileRef = 07DD15771BE1F6A4006158E6 /* MSCKitDemoUITests.m */; };
/* End PBXBuildFile section */

/* Begin PBXContainerItemProxy section */
		07DD15691BE1F6A4006158E6 /* PBXContainerItemProxy */ = {
			isa = PBXContainerItemProxy;
			containerPortal = 07DD15471BE1F6A4006158E6 /* Project object */;
			proxyType = 1;
			remoteGlobalIDString = 07DD154E1BE1F6A4006158E6;
			remoteInfo = MSCKitDemo;
		};
		07DD15741BE1F6A4006158E6 /* PBXContainerItemProxy */ = {
			isa = PBXContainerItemProxy;
			containerPortal = 07DD15471BE1F6A4006158E6 /* Project object */;
			proxyType = 1;
			remoteGlobalIDString = 07DD154E1BE1F6A4006158E6;
			remoteInfo = MSCKitDemo;
		};
/* End PBXContainerItemProxy section */

/* Begin PBXFileReference section */
		07DD154F1BE1F6A4006158E6 /* MSCKitDemo.app */ = {isa = PBXFileReference; explicitFileType = wrapper.application; includeInIndex = 0; path = MSCKitDemo.app; sourceTree = BUILT_PRODUCTS_DIR; };
		07DD15531BE1F6A4006158E6 /* main.m */ = {isa = PBXFileReference; lastKnownFileType = sourcecode.c.objc; path = main.m; sourceTree = "<group>"; };
		07DD15551BE1F6A4006158E6 /* AppDelegate.h */ = {isa = PBXFileReference; lastKnownFileType = sourcecode.c.h; path = AppDelegate.h; sourceTree = "<group>"; };
		07DD15561BE1F6A4006158E6 /* AppDelegate.m */ = {isa = PBXFileReference; lastKnownFileType = sourcecode.c.objc; path = AppDelegate.m; sourceTree = "<group>"; };
		07DD15581BE1F6A4006158E6 /* ViewController.h */ = {isa = PBXFileReference; lastKnownFileType = sourcecode.c.h; path = ViewController.h; sourceTree = "<group>"; };
		07DD15591BE1F6A4006158E6 /* ViewController.m */ = {isa = PBXFileReference; lastKnownFileType = sourcecode.c.objc; path = ViewController.m; sourceTree = "<group>"; };
		07DD155C1BE1F6A4006158E6 /* Base */ = {isa = PBXFileReference; lastKnownFileType = file.storyboard; name = Base; path = Base.lproj/Main.storyboard; sourceTree = "<group>"; };
		07DD155E1BE1F6A4006158E6 /* Assets.xcassets */ = {isa = PBXFileReference; lastKnownFileType = folder.assetcatalog; path = Assets.xcassets; sourceTree = "<group>"; };
		07DD15611BE1F6A4006158E6 /* Base */ = {isa = PBXFileReference; lastKnownFileType = file.storyboard; name = Base; path = Base.lproj/LaunchScreen.storyboard; sourceTree = "<group>"; };
		07DD15631BE1F6A4006158E6 /* Info.plist */ = {isa = PBXFileReference; lastKnownFileType = text.plist.xml; path = Info.plist; sourceTree = "<group>"; };
		07DD15681BE1F6A4006158E6 /* MSCKitDemoTests.xctest */ = {isa = PBXFileReference; explicitFileType = wrapper.cfbundle; includeInIndex = 0; path = MSCKitDemoTests.xctest; sourceTree = BUILT_PRODUCTS_DIR; };
		07DD156C1BE1F6A4006158E6 /* MSCKitDemoTests.m */ = {isa = PBXFileReference; lastKnownFileType = sourcecode.c.objc; path = MSCKitDemoTests.m; sourceTree = "<group>"; };
		07DD156E1BE1F6A4006158E6 /* Info.plist */ = {isa = PBXFileReference; lastKnownFileType = text.plist.xml; path = Info.plist; sourceTree = "<group>"; };
		07DD15731BE1F6A4006158E6 /* MSCKitDemoUITests.xctest */ = {isa = PBXFileReference; explicitFileType = wrapper.cfbundle; includeInIndex = 0; path = MSCKitDemoUITests.xctest; sourceTree = BUILT_PRODUCTS_DIR; };
		07DD15771BE1F6A4006158E6 /* MSCKitDemoUITests.m */ = {isa = PBXFileReference; lastKnownFileType = sourcecode.c.objc; path = MSCKitDemoUITests.m; sourceTree = "<group>"; };
		07DD15791BE1F6A4006158E6 /* Info.plist */ = {isa = PBXFileReference; lastKnownFileType = text.plist.xml; path = Info.plist; sourceTree = "<group>"; };
/* End PBXFileReference section */

/* Begin PBXFrameworksBuildPhase section */
		07DD154C1BE1F6A4006158E6 /* Frameworks */ = {
			isa = PBXFrameworksBuildPhase;
			buildActionMask = 2147483647;
			files = (
			);
			runOnlyForDeploymentPostprocessing = 0;
		};
		07DD15651BE1F6A4006158E6 /* Frameworks */ = {
			isa = PBXFrameworksBuildPhase;
			buildActionMask = 2147483647;
			files = (
			);
			runOnlyForDeploymentPostprocessing = 0;
		};
		07DD15701BE1F6A4006158E6 /* Frameworks */ = {
			isa = PBXFrameworksBuildPhase;
			buildActionMask = 2147483647;
			files = (
			);
			runOnlyForDeploymentPostprocessing = 0;
		};
/* End PBXFrameworksBuildPhase section */

/* Begin PBXGroup section */
		07DD15461BE1F6A4006158E6 = {
			isa = PBXGroup;
			children = (
				07DD15851BE1F6BD006158E6 /* MSCKit */,
				07DD15511BE1F6A4006158E6 /* MSCKitDemo */,
				07DD156B1BE1F6A4006158E6 /* MSCKitDemoTests */,
				07DD15761BE1F6A4006158E6 /* MSCKitDemoUITests */,
				07DD15501BE1F6A4006158E6 /* Products */,
			);
			sourceTree = "<group>";
		};
		07DD15501BE1F6A4006158E6 /* Products */ = {
			isa = PBXGroup;
			children = (
				07DD154F1BE1F6A4006158E6 /* MSCKitDemo.app */,
				07DD15681BE1F6A4006158E6 /* MSCKitDemoTests.xctest */,
				07DD15731BE1F6A4006158E6 /* MSCKitDemoUITests.xctest */,
			);
			name = Products;
			sourceTree = "<group>";
		};
		07DD15511BE1F6A4006158E6 /* MSCKitDemo */ = {
			isa = PBXGroup;
			children = (
				07DD15551BE1F6A4006158E6 /* AppDelegate.h */,
				07DD15561BE1F6A4006158E6 /* AppDelegate.m */,
				07DD15581BE1F6A4006158E6 /* ViewController.h */,
				07DD15591BE1F6A4006158E6 /* ViewController.m */,
				07DD155B1BE1F6A4006158E6 /* Main.storyboard */,
				07DD155E1BE1F6A4006158E6 /* Assets.xcassets */,
				07DD15601BE1F6A4006158E6 /* LaunchScreen.storyboard */,
				07DD15631BE1F6A4006158E6 /* Info.plist */,
				07DD15521BE1F6A4006158E6 /* Supporting Files */,
			);
			path = MSCKitDemo;
			sourceTree = "<group>";
		};
		07DD15521BE1F6A4006158E6 /* Supporting Files */ = {
			isa = PBXGroup;
			children = (
				07DD15531BE1F6A4006158E6 /* main.m */,
			);
			name = "Supporting Files";
			sourceTree = "<group>";
		};
		07DD156B1BE1F6A4006158E6 /* MSCKitDemoTests */ = {
			isa = PBXGroup;
			children = (
				07DD156C1BE1F6A4006158E6 /* MSCKitDemoTests.m */,
				07DD156E1BE1F6A4006158E6 /* Info.plist */,
			);
			path = MSCKitDemoTests;
			sourceTree = "<group>";
		};
		07DD15761BE1F6A4006158E6 /* MSCKitDemoUITests */ = {
			isa = PBXGroup;
			children = (
				07DD15771BE1F6A4006158E6 /* MSCKitDemoUITests.m */,
				07DD15791BE1F6A4006158E6 /* Info.plist */,
			);
			path = MSCKitDemoUITests;
			sourceTree = "<group>";
		};
		07DD15851BE1F6BD006158E6 /* MSCKit */ = {
			isa = PBXGroup;
			children = (
			);
			path = MSCKit;
			sourceTree = "<group>";
		};
/* End PBXGroup section */

/* Begin PBXNativeTarget section */
		07DD154E1BE1F6A4006158E6 /* MSCKitDemo */ = {
			isa = PBXNativeTarget;
			buildConfigurationList = 07DD157C1BE1F6A4006158E6 /* Build configuration list for PBXNativeTarget "MSCKitDemo" */;
			buildPhases = (
				07DD154B1BE1F6A4006158E6 /* Sources */,
				07DD154C1BE1F6A4006158E6 /* Frameworks */,
				07DD154D1BE1F6A4006158E6 /* Resources */,
			);
			buildRules = (
			);
			dependencies = (
			);
			name = MSCKitDemo;
			productName = MSCKitDemo;
			productReference = 07DD154F1BE1F6A4006158E6 /* MSCKitDemo.app */;
			productType = "com.apple.product-type.application";
		};
		07DD15671BE1F6A4006158E6 /* MSCKitDemoTests */ = {
			isa = PBXNativeTarget;
			buildConfigurationList = 07DD157F1BE1F6A4006158E6 /* Build configuration list for PBXNativeTarget "MSCKitDemoTests" */;
			buildPhases = (
				07DD15641BE1F6A4006158E6 /* Sources */,
				07DD15651BE1F6A4006158E6 /* Frameworks */,
				07DD15661BE1F6A4006158E6 /* Resources */,
			);
			buildRules = (
			);
			dependencies = (
				07DD156A1BE1F6A4006158E6 /* PBXTargetDependency */,
			);
			name = MSCKitDemoTests;
			productName = MSCKitDemoTests;
			productReference = 07DD15681BE1F6A4006158E6 /* MSCKitDemoTests.xctest */;
			productType = "com.apple.product-type.bundle.unit-test";
		};
		07DD15721BE1F6A4006158E6 /* MSCKitDemoUITests */ = {
			isa = PBXNativeTarget;
			buildConfigurationList = 07DD15821BE1F6A4006158E6 /* Build configuration list for PBXNativeTarget "MSCKitDemoUITests" */;
			buildPhases = (
				07DD156F1BE1F6A4006158E6 /* Sources */,
				07DD15701BE1F6A4006158E6 /* Frameworks */,
				07DD15711BE1F6A4006158E6 /* Resources */,
			);
			buildRules = (
			);
			dependencies = (
				07DD15751BE1F6A4006158E6 /* PBXTargetDependency */,
			);
			name = MSCKitDemoUITests;
			productName = MSCKitDemoUITests;
			productReference = 07DD15731BE1F6A4006158E6 /* MSCKitDemoUITests.xctest */;
			productType = "com.apple.product-type.bundle.ui-testing";
		};
/* End PBXNativeTarget section */

/* Begin PBXProject section */
		07DD15471BE1F6A4006158E6 /* Project object */ = {
			isa = PBXProject;
			attributes = {
				LastUpgradeCheck = 0710;
				ORGANIZATIONNAME = MiaoShichang;
				TargetAttributes = {
					07DD154E1BE1F6A4006158E6 = {
						CreatedOnToolsVersion = 7.1;
					};
					07DD15671BE1F6A4006158E6 = {
						CreatedOnToolsVersion = 7.1;
						TestTargetID = 07DD154E1BE1F6A4006158E6;
					};
					07DD15721BE1F6A4006158E6 = {
						CreatedOnToolsVersion = 7.1;
						TestTargetID = 07DD154E1BE1F6A4006158E6;
					};
				};
			};
			buildConfigurationList = 07DD154A1BE1F6A4006158E6 /* Build configuration list for PBXProject "MSCKitDemo" */;
			compatibilityVersion = "Xcode 3.2";
			developmentRegion = English;
			hasScannedForEncodings = 0;
			knownRegions = (
				en,
				Base,
			);
			mainGroup = 07DD15461BE1F6A4006158E6;
			productRefGroup = 07DD15501BE1F6A4006158E6 /* Products */;
			projectDirPath = "";
			projectRoot = "";
			targets = (
				07DD154E1BE1F6A4006158E6 /* MSCKitDemo */,
				07DD15671BE1F6A4006158E6 /* MSCKitDemoTests */,
				07DD15721BE1F6A4006158E6 /* MSCKitDemoUITests */,
			);
		};
/* End PBXProject section */

/* Begin PBXResourcesBuildPhase section */
		07DD154D1BE1F6A4006158E6 /* Resources */ = {
			isa = PBXResourcesBuildPhase;
			buildActionMask = 2147483647;
			files = (
				07DD15621BE1F6A4006158E6 /* LaunchScreen.storyboard in Resources */,
				07DD155F1BE1F6A4006158E6 /* Assets.xcassets in Resources */,
				07DD155D1BE1F6A4006158E6 /* Main.storyboard in Resources */,
			);
			runOnlyForDeploymentPostprocessing = 0;
		};
		07DD15661BE1F6A4006158E6 /* Resources */ = {
			isa = PBXResourcesBuildPhase;
			buildActionMask = 2147483647;
			files = (
			);
			runOnlyForDeploymentPostprocessing = 0;
		};
		07DD15711BE1F6A4006158E6 /* Resources */ = {
			isa = PBXResourcesBuildPhase;
			buildActionMask = 2147483647;
			files = (
			);
			runOnlyForDeploymentPostprocessing = 0;
		};
/* End PBXResourcesBuildPhase section */

/* Begin PBXSourcesBuildPhase section */
		07DD154B1BE1F6A4006158E6 /* Sources */ = {
			isa = PBXSourcesBuildPhase;
			buildActionMask = 2147483647;
			files = (
				07DD155A1BE1F6A4006158E6 /* ViewController.m in Sources */,
				07DD15571BE1F6A4006158E6 /* AppDelegate.m in Sources */,
				07DD15541BE1F6A4006158E6 /* main.m in Sources */,
			);
			runOnlyForDeploymentPostprocessing = 0;
		};
		07DD15641BE1F6A4006158E6 /* Sources */ = {
			isa = PBXSourcesBuildPhase;
			buildActionMask = 2147483647;
			files = (
				07DD156D1BE1F6A4006158E6 /* MSCKitDemoTests.m in Sources */,
			);
			runOnlyForDeploymentPostprocessing = 0;
		};
		07DD156F1BE1F6A4006158E6 /* Sources */ = {
			isa = PBXSourcesBuildPhase;
			buildActionMask = 2147483647;
			files = (
				07DD15781BE1F6A4006158E6 /* MSCKitDemoUITests.m in Sources */,
			);
			runOnlyForDeploymentPostprocessing = 0;
		};
/* End PBXSourcesBuildPhase section */

/* Begin PBXTargetDependency section */
		07DD156A1BE1F6A4006158E6 /* PBXTargetDependency */ = {
			isa = PBXTargetDependency;
			target = 07DD154E1BE1F6A4006158E6 /* MSCKitDemo */;
			targetProxy = 07DD15691BE1F6A4006158E6 /* PBXContainerItemProxy */;
		};
		07DD15751BE1F6A4006158E6 /* PBXTargetDependency */ = {
			isa = PBXTargetDependency;
			target = 07DD154E1BE1F6A4006158E6 /* MSCKitDemo */;
			targetProxy = 07DD15741BE1F6A4006158E6 /* PBXContainerItemProxy */;
		};
/* End PBXTargetDependency section */

/* Begin PBXVariantGroup section */
		07DD155B1BE1F6A4006158E6 /* Main.storyboard */ = {
			isa = PBXVariantGroup;
			children = (
				07DD155C1BE1F6A4006158E6 /* Base */,
			);
			name = Main.storyboard;
			sourceTree = "<group>";
		};
		07DD15601BE1F6A4006158E6 /* LaunchScreen.storyboard */ = {
			isa = PBXVariantGroup;
			children = (
				07DD15611BE1F6A4006158E6 /* Base */,
			);
			name = LaunchScreen.storyboard;
			sourceTree = "<group>";
		};
/* End PBXVariantGroup section */

/* Begin XCBuildConfiguration section */
		07DD157A1BE1F6A4006158E6 /* Debug */ = {
			isa = XCBuildConfiguration;
			buildSettings = {
				ALWAYS_SEARCH_USER_PATHS = NO;
				CLANG_CXX_LANGUAGE_STANDARD = "gnu++0x";
				CLANG_CXX_LIBRARY = "libc++";
				CLANG_ENABLE_MODULES = YES;
				CLANG_ENABLE_OBJC_ARC = YES;
				CLANG_WARN_BOOL_CONVERSION = YES;
				CLANG_WARN_CONSTANT_CONVERSION = YES;
				CLANG_WARN_DIRECT_OBJC_ISA_USAGE = YES_ERROR;
				CLANG_WARN_EMPTY_BODY = YES;
				CLANG_WARN_ENUM_CONVERSION = YES;
				CLANG_WARN_INT_CONVERSION = YES;
				CLANG_WARN_OBJC_ROOT_CLASS = YES_ERROR;
				CLANG_WARN_UNREACHABLE_CODE = YES;
				CLANG_WARN__DUPLICATE_METHOD_MATCH = YES;
				"CODE_SIGN_IDENTITY[sdk=iphoneos*]" = "iPhone Developer";
				COPY_PHASE_STRIP = NO;
				DEBUG_INFORMATION_FORMAT = dwarf;
				ENABLE_STRICT_OBJC_MSGSEND = YES;
				ENABLE_TESTABILITY = YES;
				GCC_C_LANGUAGE_STANDARD = gnu99;
				GCC_DYNAMIC_NO_PIC = NO;
				GCC_NO_COMMON_BLOCKS = YES;
				GCC_OPTIMIZATION_LEVEL = 0;
				GCC_PREPROCESSOR_DEFINITIONS = (
					"DEBUG=1",
					"$(inherited)",
				);
				GCC_WARN_64_TO_32_BIT_CONVERSION = YES;
				GCC_WARN_ABOUT_RETURN_TYPE = YES_ERROR;
				GCC_WARN_UNDECLARED_SELECTOR = YES;
				GCC_WARN_UNINITIALIZED_AUTOS = YES_AGGRESSIVE;
				GCC_WARN_UNUSED_FUNCTION = YES;
				GCC_WARN_UNUSED_VARIABLE = YES;
				IPHONEOS_DEPLOYMENT_TARGET = 9.1;
				MTL_ENABLE_DEBUG_INFO = YES;
				ONLY_ACTIVE_ARCH = YES;
				SDKROOT = iphoneos;
			};
			name = Debug;
		};
		07DD157B1BE1F6A4006158E6 /* Release */ = {
			isa = XCBuildConfiguration;
			buildSettings = {
				ALWAYS_SEARCH_USER_PATHS = NO;
				CLANG_CXX_LANGUAGE_STANDARD = "gnu++0x";
				CLANG_CXX_LIBRARY = "libc++";
				CLANG_ENABLE_MODULES = YES;
				CLANG_ENABLE_OBJC_ARC = YES;
				CLANG_WARN_BOOL_CONVERSION = YES;
				CLANG_WARN_CONSTANT_CONVERSION = YES;
				CLANG_WARN_DIRECT_OBJC_ISA_USAGE = YES_ERROR;
				CLANG_WARN_EMPTY_BODY = YES;
				CLANG_WARN_ENUM_CONVERSION = YES;
				CLANG_WARN_INT_CONVERSION = YES;
				CLANG_WARN_OBJC_ROOT_CLASS = YES_ERROR;
				CLANG_WARN_UNREACHABLE_CODE = YES;
				CLANG_WARN__DUPLICATE_METHOD_MATCH = YES;
				"CODE_SIGN_IDENTITY[sdk=iphoneos*]" = "iPhone Developer";
				COPY_PHASE_STRIP = NO;
				DEBUG_INFORMATION_FORMAT = "dwarf-with-dsym";
				ENABLE_NS_ASSERTIONS = NO;
				ENABLE_STRICT_OBJC_MSGSEND = YES;
				GCC_C_LANGUAGE_STANDARD = gnu99;
				GCC_NO_COMMON_BLOCKS = YES;
				GCC_WARN_64_TO_32_BIT_CONVERSION = YES;
				GCC_WARN_ABOUT_RETURN_TYPE = YES_ERROR;
				GCC_WARN_UNDECLARED_SELECTOR = YES;
				GCC_WARN_UNINITIALIZED_AUTOS = YES_AGGRESSIVE;
				GCC_WARN_UNUSED_FUNCTION = YES;
				GCC_WARN_UNUSED_VARIABLE = YES;
				IPHONEOS_DEPLOYMENT_TARGET = 9.1;
				MTL_ENABLE_DEBUG_INFO = NO;
				SDKROOT = iphoneos;
				VALIDATE_PRODUCT = YES;
			};
			name = Release;
		};
		07DD157D1BE1F6A4006158E6 /* Debug */ = {
			isa = XCBuildConfiguration;
			buildSettings = {
				ASSETCATALOG_COMPILER_APPICON_NAME = AppIcon;
				INFOPLIST_FILE = MSCKitDemo/Info.plist;
				IPHONEOS_DEPLOYMENT_TARGET = 8.0;
				LD_RUNPATH_SEARCH_PATHS = "$(inherited) @executable_path/Frameworks";
				PRODUCT_BUNDLE_IDENTIFIER = cn.miaoshichang.MSCKitDemo;
				PRODUCT_NAME = "$(TARGET_NAME)";
			};
			name = Debug;
		};
		07DD157E1BE1F6A4006158E6 /* Release */ = {
			isa = XCBuildConfiguration;
			buildSettings = {
				ASSETCATALOG_COMPILER_APPICON_NAME = AppIcon;
				INFOPLIST_FILE = MSCKitDemo/Info.plist;
				IPHONEOS_DEPLOYMENT_TARGET = 8.0;
				LD_RUNPATH_SEARCH_PATHS = "$(inherited) @executable_path/Frameworks";
				PRODUCT_BUNDLE_IDENTIFIER = cn.miaoshichang.MSCKitDemo;
				PRODUCT_NAME = "$(TARGET_NAME)";
			};
			name = Release;
		};
		07DD15801BE1F6A4006158E6 /* Debug */ = {
			isa = XCBuildConfiguration;
			buildSettings = {
				BUNDLE_LOADER = "$(TEST_HOST)";
				INFOPLIST_FILE = MSCKitDemoTests/Info.plist;
				LD_RUNPATH_SEARCH_PATHS = "$(inherited) @executable_path/Frameworks @loader_path/Frameworks";
				PRODUCT_BUNDLE_IDENTIFIER = cn.miaoshichang.MSCKitDemoTests;
				PRODUCT_NAME = "$(TARGET_NAME)";
				TEST_HOST = "$(BUILT_PRODUCTS_DIR)/MSCKitDemo.app/MSCKitDemo";
			};
			name = Debug;
		};
		07DD15811BE1F6A4006158E6 /* Release */ = {
			isa = XCBuildConfiguration;
			buildSettings = {
				BUNDLE_LOADER = "$(TEST_HOST)";
				INFOPLIST_FILE = MSCKitDemoTests/Info.plist;
				LD_RUNPATH_SEARCH_PATHS = "$(inherited) @executable_path/Frameworks @loader_path/Frameworks";
				PRODUCT_BUNDLE_IDENTIFIER = cn.miaoshichang.MSCKitDemoTests;
				PRODUCT_NAME = "$(TARGET_NAME)";
				TEST_HOST = "$(BUILT_PRODUCTS_DIR)/MSCKitDemo.app/MSCKitDemo";
			};
			name = Release;
		};
		07DD15831BE1F6A4006158E6 /* Debug */ = {
			isa = XCBuildConfiguration;
			buildSettings = {
				INFOPLIST_FILE = MSCKitDemoUITests/Info.plist;
				LD_RUNPATH_SEARCH_PATHS = "$(inherited) @executable_path/Frameworks @loader_path/Frameworks";
				PRODUCT_BUNDLE_IDENTIFIER = cn.miaoshichang.MSCKitDemoUITests;
				PRODUCT_NAME = "$(TARGET_NAME)";
				TEST_TARGET_NAME = MSCKitDemo;
				USES_XCTRUNNER = YES;
			};
			name = Debug;
		};
		07DD15841BE1F6A4006158E6 /* Release */ = {
			isa = XCBuildConfiguration;
			buildSettings = {
				INFOPLIST_FILE = MSCKitDemoUITests/Info.plist;
				LD_RUNPATH_SEARCH_PATHS = "$(inherited) @executable_path/Frameworks @loader_path/Frameworks";
				PRODUCT_BUNDLE_IDENTIFIER = cn.miaoshichang.MSCKitDemoUITests;
				PRODUCT_NAME = "$(TARGET_NAME)";
				TEST_TARGET_NAME = MSCKitDemo;
				USES_XCTRUNNER = YES;
			};
			name = Release;
		};
/* End XCBuildConfiguration section */

/* Begin XCConfigurationList section */
		07DD154A1BE1F6A4006158E6 /* Build configuration list for PBXProject "MSCKitDemo" */ = {
			isa = XCConfigurationList;
			buildConfigurations = (
				07DD157A1BE1F6A4006158E6 /* Debug */,
				07DD157B1BE1F6A4006158E6 /* Release */,
			);
			defaultConfigurationIsVisible = 0;
			defaultConfigurationName = Release;
		};
		07DD157C1BE1F6A4006158E6 /* Build configuration list for PBXNativeTarget "MSCKitDemo" */ = {
			isa = XCConfigurationList;
			buildConfigurations = (
				07DD157D1BE1F6A4006158E6 /* Debug */,
				07DD157E1BE1F6A4006158E6 /* Release */,
			);
			defaultConfigurationIsVisible = 0;
		};
		07DD157F1BE1F6A4006158E6 /* Build configuration list for PBXNativeTarget "MSCKitDemoTests" */ = {
			isa = XCConfigurationList;
			buildConfigurations = (
				07DD15801BE1F6A4006158E6 /* Debug */,
				07DD15811BE1F6A4006158E6 /* Release */,
			);
			defaultConfigurationIsVisible = 0;
		};
		07DD15821BE1F6A4006158E6 /* Build configuration list for PBXNativeTarget "MSCKitDemoUITests" */ = {
			isa = XCConfigurationList;
			buildConfigurations = (
				07DD15831BE1F6A4006158E6 /* Debug */,
				07DD15841BE1F6A4006158E6 /* Release */,
			);
			defaultConfigurationIsVisible = 0;
		};
/* End XCConfigurationList section */
	};
	rootObject = 07DD15471BE1F6A4006158E6 /* Project object */;
}
