// !$*UTF8*$!
{
	archiveVersion = 1;
	classes = {
	};
	objectVersion = 46;
	objects = {

/* Begin PBXBuildFile section */
		0726C7DC1C62EEAC00968160 /* MSCCoreUtils+NSString.m in Sources */ = {isa = PBXBuildFile; fileRef = 0726C7DB1C62EEAC00968160 /* MSCCoreUtils+NSString.m */; };
		074F925E1C755EAE0017529B /* UIView+MSCKit.m in Sources */ = {isa = PBXBuildFile; fileRef = 074F925D1C755EAE0017529B /* UIView+MSCKit.m */; };
		0754A9A21C7BF716006FCB08 /* UIButton+MSCKit.m in Sources */ = {isa = PBXBuildFile; fileRef = 0754A9A11C7BF716006FCB08 /* UIButton+MSCKit.m */; };
		0754A9A51C7C155D006FCB08 /* UIImageView+MSCKit.m in Sources */ = {isa = PBXBuildFile; fileRef = 0754A9A41C7C155D006FCB08 /* UIImageView+MSCKit.m */; };
		0754A9A91C7C1FD5006FCB08 /* MSCApp.m in Sources */ = {isa = PBXBuildFile; fileRef = 0754A9A81C7C1FD5006FCB08 /* MSCApp.m */; };
		0754A9AC1C7C2771006FCB08 /* MSCSystem.m in Sources */ = {isa = PBXBuildFile; fileRef = 0754A9AB1C7C2771006FCB08 /* MSCSystem.m */; };
		0754A9AF1C7C6BCE006FCB08 /* NSObject+MSCKit.m in Sources */ = {isa = PBXBuildFile; fileRef = 0754A9AE1C7C6BCE006FCB08 /* NSObject+MSCKit.m */; };
		0754A9B21C7C6E6A006FCB08 /* NSUserDefaults+MSCKit.m in Sources */ = {isa = PBXBuildFile; fileRef = 0754A9B11C7C6E6A006FCB08 /* NSUserDefaults+MSCKit.m */; };
		079A955F1C7CA45600E6B272 /* NSFileManager+MSCKit.m in Sources */ = {isa = PBXBuildFile; fileRef = 079A955E1C7CA45600E6B272 /* NSFileManager+MSCKit.m */; };
		079A95621C7CB71500E6B272 /* NSTimer+MSCKit.m in Sources */ = {isa = PBXBuildFile; fileRef = 079A95611C7CB71500E6B272 /* NSTimer+MSCKit.m */; };
		07AF03A21C61BA6500CA1CDD /* MSCCoreUtils.m in Sources */ = {isa = PBXBuildFile; fileRef = 07AF03A11C61BA6500CA1CDD /* MSCCoreUtils.m */; };
		07AF03CE1C621ADE00CA1CDD /* NSArray+MSCKit.m in Sources */ = {isa = PBXBuildFile; fileRef = 07AF03BF1C621ADE00CA1CDD /* NSArray+MSCKit.m */; };
		07AF03CF1C621ADE00CA1CDD /* NSData+MSCKit.m in Sources */ = {isa = PBXBuildFile; fileRef = 07AF03C11C621ADE00CA1CDD /* NSData+MSCKit.m */; };
		07AF03D01C621ADE00CA1CDD /* NSDate+MSCKit.m in Sources */ = {isa = PBXBuildFile; fileRef = 07AF03C31C621ADE00CA1CDD /* NSDate+MSCKit.m */; };
		07AF03D11C621ADE00CA1CDD /* NSDictionary+MSCKit.m in Sources */ = {isa = PBXBuildFile; fileRef = 07AF03C51C621ADE00CA1CDD /* NSDictionary+MSCKit.m */; };
		07AF03D21C621ADE00CA1CDD /* NSMutableArray+MSCKit.m in Sources */ = {isa = PBXBuildFile; fileRef = 07AF03C71C621ADE00CA1CDD /* NSMutableArray+MSCKit.m */; };
		07AF03D31C621ADE00CA1CDD /* NSMutableDictionary+MSCKit.m in Sources */ = {isa = PBXBuildFile; fileRef = 07AF03C91C621ADE00CA1CDD /* NSMutableDictionary+MSCKit.m */; };
		07AF03D41C621ADE00CA1CDD /* NSNumber+MSCKit.m in Sources */ = {isa = PBXBuildFile; fileRef = 07AF03CB1C621ADE00CA1CDD /* NSNumber+MSCKit.m */; };
		07AF03D51C621ADE00CA1CDD /* NSString+MSCKit.m in Sources */ = {isa = PBXBuildFile; fileRef = 07AF03CD1C621ADE00CA1CDD /* NSString+MSCKit.m */; };
		07DD15541BE1F6A4006158E6 /* main.m in Sources */ = {isa = PBXBuildFile; fileRef = 07DD15531BE1F6A4006158E6 /* main.m */; };
		07DD15571BE1F6A4006158E6 /* AppDelegate.m in Sources */ = {isa = PBXBuildFile; fileRef = 07DD15561BE1F6A4006158E6 /* AppDelegate.m */; };
		07DD155A1BE1F6A4006158E6 /* ViewController.m in Sources */ = {isa = PBXBuildFile; fileRef = 07DD15591BE1F6A4006158E6 /* ViewController.m */; };
		07DD155D1BE1F6A4006158E6 /* Main.storyboard in Resources */ = {isa = PBXBuildFile; fileRef = 07DD155B1BE1F6A4006158E6 /* Main.storyboard */; };
		07DD155F1BE1F6A4006158E6 /* Assets.xcassets in Resources */ = {isa = PBXBuildFile; fileRef = 07DD155E1BE1F6A4006158E6 /* Assets.xcassets */; };
		07DD15621BE1F6A4006158E6 /* LaunchScreen.storyboard in Resources */ = {isa = PBXBuildFile; fileRef = 07DD15601BE1F6A4006158E6 /* LaunchScreen.storyboard */; };
		07DD156D1BE1F6A4006158E6 /* MSCKitDemoTests.m in Sources */ = {isa = PBXBuildFile; fileRef = 07DD156C1BE1F6A4006158E6 /* MSCKitDemoTests.m */; };
		07DD15781BE1F6A4006158E6 /* MSCKitDemoUITests.m in Sources */ = {isa = PBXBuildFile; fileRef = 07DD15771BE1F6A4006158E6 /* MSCKitDemoUITests.m */; };
		07FE64421C75724100696874 /* UIColor+MSCKit.m in Sources */ = {isa = PBXBuildFile; fileRef = 07FE64411C75724100696874 /* UIColor+MSCKit.m */; };
		07FE64451C759D5C00696874 /* UIFont+MSCKit.m in Sources */ = {isa = PBXBuildFile; fileRef = 07FE64441C759D5C00696874 /* UIFont+MSCKit.m */; };
		07FE64481C75A76500696874 /* UIImage+MSCKit.m in Sources */ = {isa = PBXBuildFile; fileRef = 07FE64471C75A76500696874 /* UIImage+MSCKit.m */; };
		07FE644A1C75A9D100696874 /* image_v.png in Resources */ = {isa = PBXBuildFile; fileRef = 07FE64491C75A9D100696874 /* image_v.png */; };
		07FE644D1C75C3AD00696874 /* UIViewDrawRect.m in Sources */ = {isa = PBXBuildFile; fileRef = 07FE644C1C75C3AD00696874 /* UIViewDrawRect.m */; };
		7A3667E6201EEE0A001D4208 /* BaseModel.m in Sources */ = {isa = PBXBuildFile; fileRef = 7A3667E5201EEE0A001D4208 /* BaseModel.m */; };
		7A3667EB201EEFB8001D4208 /* MSCTimer.m in Sources */ = {isa = PBXBuildFile; fileRef = 7A3667EA201EEFB8001D4208 /* MSCTimer.m */; };
		7A3667EF201EF578001D4208 /* MSCNetworkMonitor.m in Sources */ = {isa = PBXBuildFile; fileRef = 7A3667EE201EF578001D4208 /* MSCNetworkMonitor.m */; };
		7A3667F3201EF8CE001D4208 /* MSCDataCache.m in Sources */ = {isa = PBXBuildFile; fileRef = 7A3667F2201EF8CE001D4208 /* MSCDataCache.m */; };
		7A3667F6201EFFDE001D4208 /* UIAlertView+MSCBlock.m in Sources */ = {isa = PBXBuildFile; fileRef = 7A3667F5201EFFDD001D4208 /* UIAlertView+MSCBlock.m */; };
		7A3667F9201F022D001D4208 /* UITableView+Custom.m in Sources */ = {isa = PBXBuildFile; fileRef = 7A3667F7201F022D001D4208 /* UITableView+Custom.m */; };
		7A79403F1EEFB5F10051839B /* MSCDevice.m in Sources */ = {isa = PBXBuildFile; fileRef = 7A79403E1EEFB5F10051839B /* MSCDevice.m */; };
		7A7940431EEFB9FF0051839B /* MSCKit.m in Sources */ = {isa = PBXBuildFile; fileRef = 7A7940421EEFB9FF0051839B /* MSCKit.m */; };
		7AC20A5F2007150C00255A14 /* BaseTableViewCell.m in Sources */ = {isa = PBXBuildFile; fileRef = 7AC20A5E2007150C00255A14 /* BaseTableViewCell.m */; };
		7AC20A622007164800255A14 /* BaseCollectionViewCell.m in Sources */ = {isa = PBXBuildFile; fileRef = 7AC20A612007164800255A14 /* BaseCollectionViewCell.m */; };
		7B7DED4B1E8996599CE06997 /* libPods-MSCKitDemoTests.a in Frameworks */ = {isa = PBXBuildFile; fileRef = E37708E17A10D4764EECB06B /* libPods-MSCKitDemoTests.a */; };
		80C5EF605098E2DC6D630E0D /* libPods-MSCKitDemo.a in Frameworks */ = {isa = PBXBuildFile; fileRef = 040E3609CD4054BC0D92816C /* libPods-MSCKitDemo.a */; };
/* End PBXBuildFile section */

/* Begin PBXContainerItemProxy section */
		07DD15691BE1F6A4006158E6 /* PBXContainerItemProxy */ = {
			isa = PBXContainerItemProxy;
			containerPortal = 07DD15471BE1F6A4006158E6 /* Project object */;
			proxyType = 1;
			remoteGlobalIDString = 07DD154E1BE1F6A4006158E6;
			remoteInfo = MSCKitDemo;
		};
		07DD15741BE1F6A4006158E6 /* PBXContainerItemProxy */ = {
			isa = PBXContainerItemProxy;
			containerPortal = 07DD15471BE1F6A4006158E6 /* Project object */;
			proxyType = 1;
			remoteGlobalIDString = 07DD154E1BE1F6A4006158E6;
			remoteInfo = MSCKitDemo;
		};
/* End PBXContainerItemProxy section */

/* Begin PBXFileReference section */
		040E3609CD4054BC0D92816C /* libPods-MSCKitDemo.a */ = {isa = PBXFileReference; explicitFileType = archive.ar; includeInIndex = 0; path = "libPods-MSCKitDemo.a"; sourceTree = BUILT_PRODUCTS_DIR; };
		0726C7DA1C62EEAC00968160 /* MSCCoreUtils+NSString.h */ = {isa = PBXFileReference; fileEncoding = 4; lastKnownFileType = sourcecode.c.h; path = "MSCCoreUtils+NSString.h"; sourceTree = "<group>"; };
		0726C7DB1C62EEAC00968160 /* MSCCoreUtils+NSString.m */ = {isa = PBXFileReference; fileEncoding = 4; lastKnownFileType = sourcecode.c.objc; path = "MSCCoreUtils+NSString.m"; sourceTree = "<group>"; };
		074F925C1C755EAE0017529B /* UIView+MSCKit.h */ = {isa = PBXFileReference; fileEncoding = 4; lastKnownFileType = sourcecode.c.h; path = "UIView+MSCKit.h"; sourceTree = "<group>"; };
		074F925D1C755EAE0017529B /* UIView+MSCKit.m */ = {isa = PBXFileReference; fileEncoding = 4; lastKnownFileType = sourcecode.c.objc; path = "UIView+MSCKit.m"; sourceTree = "<group>"; };
		0754A9A01C7BF716006FCB08 /* UIButton+MSCKit.h */ = {isa = PBXFileReference; fileEncoding = 4; lastKnownFileType = sourcecode.c.h; path = "UIButton+MSCKit.h"; sourceTree = "<group>"; };
		0754A9A11C7BF716006FCB08 /* UIButton+MSCKit.m */ = {isa = PBXFileReference; fileEncoding = 4; lastKnownFileType = sourcecode.c.objc; path = "UIButton+MSCKit.m"; sourceTree = "<group>"; };
		0754A9A31C7C155D006FCB08 /* UIImageView+MSCKit.h */ = {isa = PBXFileReference; fileEncoding = 4; lastKnownFileType = sourcecode.c.h; path = "UIImageView+MSCKit.h"; sourceTree = "<group>"; };
		0754A9A41C7C155D006FCB08 /* UIImageView+MSCKit.m */ = {isa = PBXFileReference; fileEncoding = 4; lastKnownFileType = sourcecode.c.objc; path = "UIImageView+MSCKit.m"; sourceTree = "<group>"; };
		0754A9A71C7C1FD5006FCB08 /* MSCApp.h */ = {isa = PBXFileReference; fileEncoding = 4; lastKnownFileType = sourcecode.c.h; path = MSCApp.h; sourceTree = "<group>"; };
		0754A9A81C7C1FD5006FCB08 /* MSCApp.m */ = {isa = PBXFileReference; fileEncoding = 4; lastKnownFileType = sourcecode.c.objc; path = MSCApp.m; sourceTree = "<group>"; };
		0754A9AA1C7C2771006FCB08 /* MSCSystem.h */ = {isa = PBXFileReference; fileEncoding = 4; lastKnownFileType = sourcecode.c.h; path = MSCSystem.h; sourceTree = "<group>"; };
		0754A9AB1C7C2771006FCB08 /* MSCSystem.m */ = {isa = PBXFileReference; fileEncoding = 4; lastKnownFileType = sourcecode.c.objc; path = MSCSystem.m; sourceTree = "<group>"; };
		0754A9AD1C7C6BCE006FCB08 /* NSObject+MSCKit.h */ = {isa = PBXFileReference; fileEncoding = 4; lastKnownFileType = sourcecode.c.h; path = "NSObject+MSCKit.h"; sourceTree = "<group>"; };
		0754A9AE1C7C6BCE006FCB08 /* NSObject+MSCKit.m */ = {isa = PBXFileReference; fileEncoding = 4; lastKnownFileType = sourcecode.c.objc; path = "NSObject+MSCKit.m"; sourceTree = "<group>"; };
		0754A9B01C7C6E6A006FCB08 /* NSUserDefaults+MSCKit.h */ = {isa = PBXFileReference; fileEncoding = 4; lastKnownFileType = sourcecode.c.h; path = "NSUserDefaults+MSCKit.h"; sourceTree = "<group>"; };
		0754A9B11C7C6E6A006FCB08 /* NSUserDefaults+MSCKit.m */ = {isa = PBXFileReference; fileEncoding = 4; lastKnownFileType = sourcecode.c.objc; path = "NSUserDefaults+MSCKit.m"; sourceTree = "<group>"; };
		079A955D1C7CA45600E6B272 /* NSFileManager+MSCKit.h */ = {isa = PBXFileReference; fileEncoding = 4; lastKnownFileType = sourcecode.c.h; path = "NSFileManager+MSCKit.h"; sourceTree = "<group>"; };
		079A955E1C7CA45600E6B272 /* NSFileManager+MSCKit.m */ = {isa = PBXFileReference; fileEncoding = 4; lastKnownFileType = sourcecode.c.objc; path = "NSFileManager+MSCKit.m"; sourceTree = "<group>"; };
		079A95601C7CB71500E6B272 /* NSTimer+MSCKit.h */ = {isa = PBXFileReference; fileEncoding = 4; lastKnownFileType = sourcecode.c.h; path = "NSTimer+MSCKit.h"; sourceTree = "<group>"; };
		079A95611C7CB71500E6B272 /* NSTimer+MSCKit.m */ = {isa = PBXFileReference; fileEncoding = 4; lastKnownFileType = sourcecode.c.objc; path = "NSTimer+MSCKit.m"; sourceTree = "<group>"; };
		07AF03A01C61BA6500CA1CDD /* MSCCoreUtils.h */ = {isa = PBXFileReference; fileEncoding = 4; lastKnownFileType = sourcecode.c.h; path = MSCCoreUtils.h; sourceTree = "<group>"; };
		07AF03A11C61BA6500CA1CDD /* MSCCoreUtils.m */ = {isa = PBXFileReference; fileEncoding = 4; lastKnownFileType = sourcecode.c.objc; path = MSCCoreUtils.m; sourceTree = "<group>"; };
		07AF03BE1C621ADE00CA1CDD /* NSArray+MSCKit.h */ = {isa = PBXFileReference; fileEncoding = 4; lastKnownFileType = sourcecode.c.h; path = "NSArray+MSCKit.h"; sourceTree = "<group>"; };
		07AF03BF1C621ADE00CA1CDD /* NSArray+MSCKit.m */ = {isa = PBXFileReference; fileEncoding = 4; lastKnownFileType = sourcecode.c.objc; path = "NSArray+MSCKit.m"; sourceTree = "<group>"; };
		07AF03C01C621ADE00CA1CDD /* NSData+MSCKit.h */ = {isa = PBXFileReference; fileEncoding = 4; lastKnownFileType = sourcecode.c.h; path = "NSData+MSCKit.h"; sourceTree = "<group>"; };
		07AF03C11C621ADE00CA1CDD /* NSData+MSCKit.m */ = {isa = PBXFileReference; fileEncoding = 4; lastKnownFileType = sourcecode.c.objc; path = "NSData+MSCKit.m"; sourceTree = "<group>"; };
		07AF03C21C621ADE00CA1CDD /* NSDate+MSCKit.h */ = {isa = PBXFileReference; fileEncoding = 4; lastKnownFileType = sourcecode.c.h; path = "NSDate+MSCKit.h"; sourceTree = "<group>"; };
		07AF03C31C621ADE00CA1CDD /* NSDate+MSCKit.m */ = {isa = PBXFileReference; fileEncoding = 4; lastKnownFileType = sourcecode.c.objc; path = "NSDate+MSCKit.m"; sourceTree = "<group>"; };
		07AF03C41C621ADE00CA1CDD /* NSDictionary+MSCKit.h */ = {isa = PBXFileReference; fileEncoding = 4; lastKnownFileType = sourcecode.c.h; path = "NSDictionary+MSCKit.h"; sourceTree = "<group>"; };
		07AF03C51C621ADE00CA1CDD /* NSDictionary+MSCKit.m */ = {isa = PBXFileReference; fileEncoding = 4; lastKnownFileType = sourcecode.c.objc; path = "NSDictionary+MSCKit.m"; sourceTree = "<group>"; };
		07AF03C61C621ADE00CA1CDD /* NSMutableArray+MSCKit.h */ = {isa = PBXFileReference; fileEncoding = 4; lastKnownFileType = sourcecode.c.h; path = "NSMutableArray+MSCKit.h"; sourceTree = "<group>"; };
		07AF03C71C621ADE00CA1CDD /* NSMutableArray+MSCKit.m */ = {isa = PBXFileReference; fileEncoding = 4; lastKnownFileType = sourcecode.c.objc; path = "NSMutableArray+MSCKit.m"; sourceTree = "<group>"; };
		07AF03C81C621ADE00CA1CDD /* NSMutableDictionary+MSCKit.h */ = {isa = PBXFileReference; fileEncoding = 4; lastKnownFileType = sourcecode.c.h; path = "NSMutableDictionary+MSCKit.h"; sourceTree = "<group>"; };
		07AF03C91C621ADE00CA1CDD /* NSMutableDictionary+MSCKit.m */ = {isa = PBXFileReference; fileEncoding = 4; lastKnownFileType = sourcecode.c.objc; path = "NSMutableDictionary+MSCKit.m"; sourceTree = "<group>"; };
		07AF03CA1C621ADE00CA1CDD /* NSNumber+MSCKit.h */ = {isa = PBXFileReference; fileEncoding = 4; lastKnownFileType = sourcecode.c.h; path = "NSNumber+MSCKit.h"; sourceTree = "<group>"; };
		07AF03CB1C621ADE00CA1CDD /* NSNumber+MSCKit.m */ = {isa = PBXFileReference; fileEncoding = 4; lastKnownFileType = sourcecode.c.objc; path = "NSNumber+MSCKit.m"; sourceTree = "<group>"; };
		07AF03CC1C621ADE00CA1CDD /* NSString+MSCKit.h */ = {isa = PBXFileReference; fileEncoding = 4; lastKnownFileType = sourcecode.c.h; path = "NSString+MSCKit.h"; sourceTree = "<group>"; };
		07AF03CD1C621ADE00CA1CDD /* NSString+MSCKit.m */ = {isa = PBXFileReference; fileEncoding = 4; lastKnownFileType = sourcecode.c.objc; path = "NSString+MSCKit.m"; sourceTree = "<group>"; };
		07DD154F1BE1F6A4006158E6 /* MSCKitDemo.app */ = {isa = PBXFileReference; explicitFileType = wrapper.application; includeInIndex = 0; path = MSCKitDemo.app; sourceTree = BUILT_PRODUCTS_DIR; };
		07DD15531BE1F6A4006158E6 /* main.m */ = {isa = PBXFileReference; lastKnownFileType = sourcecode.c.objc; path = main.m; sourceTree = "<group>"; };
		07DD15551BE1F6A4006158E6 /* AppDelegate.h */ = {isa = PBXFileReference; lastKnownFileType = sourcecode.c.h; path = AppDelegate.h; sourceTree = "<group>"; };
		07DD15561BE1F6A4006158E6 /* AppDelegate.m */ = {isa = PBXFileReference; lastKnownFileType = sourcecode.c.objc; path = AppDelegate.m; sourceTree = "<group>"; };
		07DD15581BE1F6A4006158E6 /* ViewController.h */ = {isa = PBXFileReference; lastKnownFileType = sourcecode.c.h; path = ViewController.h; sourceTree = "<group>"; };
		07DD15591BE1F6A4006158E6 /* ViewController.m */ = {isa = PBXFileReference; lastKnownFileType = sourcecode.c.objc; path = ViewController.m; sourceTree = "<group>"; };
		07DD155C1BE1F6A4006158E6 /* Base */ = {isa = PBXFileReference; lastKnownFileType = file.storyboard; name = Base; path = Base.lproj/Main.storyboard; sourceTree = "<group>"; };
		07DD155E1BE1F6A4006158E6 /* Assets.xcassets */ = {isa = PBXFileReference; lastKnownFileType = folder.assetcatalog; path = Assets.xcassets; sourceTree = "<group>"; };
		07DD15611BE1F6A4006158E6 /* Base */ = {isa = PBXFileReference; lastKnownFileType = file.storyboard; name = Base; path = Base.lproj/LaunchScreen.storyboard; sourceTree = "<group>"; };
		07DD15631BE1F6A4006158E6 /* Info.plist */ = {isa = PBXFileReference; lastKnownFileType = text.plist.xml; path = Info.plist; sourceTree = "<group>"; };
		07DD15681BE1F6A4006158E6 /* MSCKitDemoTests.xctest */ = {isa = PBXFileReference; explicitFileType = wrapper.cfbundle; includeInIndex = 0; path = MSCKitDemoTests.xctest; sourceTree = BUILT_PRODUCTS_DIR; };
		07DD156C1BE1F6A4006158E6 /* MSCKitDemoTests.m */ = {isa = PBXFileReference; lastKnownFileType = sourcecode.c.objc; path = MSCKitDemoTests.m; sourceTree = "<group>"; };
		07DD156E1BE1F6A4006158E6 /* Info.plist */ = {isa = PBXFileReference; lastKnownFileType = text.plist.xml; path = Info.plist; sourceTree = "<group>"; };
		07DD15731BE1F6A4006158E6 /* MSCKitDemoUITests.xctest */ = {isa = PBXFileReference; explicitFileType = wrapper.cfbundle; includeInIndex = 0; path = MSCKitDemoUITests.xctest; sourceTree = BUILT_PRODUCTS_DIR; };
		07DD15771BE1F6A4006158E6 /* MSCKitDemoUITests.m */ = {isa = PBXFileReference; lastKnownFileType = sourcecode.c.objc; path = MSCKitDemoUITests.m; sourceTree = "<group>"; };
		07DD15791BE1F6A4006158E6 /* Info.plist */ = {isa = PBXFileReference; lastKnownFileType = text.plist.xml; path = Info.plist; sourceTree = "<group>"; };
		07FE64401C75724100696874 /* UIColor+MSCKit.h */ = {isa = PBXFileReference; fileEncoding = 4; lastKnownFileType = sourcecode.c.h; path = "UIColor+MSCKit.h"; sourceTree = "<group>"; };
		07FE64411C75724100696874 /* UIColor+MSCKit.m */ = {isa = PBXFileReference; fileEncoding = 4; lastKnownFileType = sourcecode.c.objc; path = "UIColor+MSCKit.m"; sourceTree = "<group>"; };
		07FE64431C759D5C00696874 /* UIFont+MSCKit.h */ = {isa = PBXFileReference; fileEncoding = 4; lastKnownFileType = sourcecode.c.h; path = "UIFont+MSCKit.h"; sourceTree = "<group>"; };
		07FE64441C759D5C00696874 /* UIFont+MSCKit.m */ = {isa = PBXFileReference; fileEncoding = 4; lastKnownFileType = sourcecode.c.objc; path = "UIFont+MSCKit.m"; sourceTree = "<group>"; };
		07FE64461C75A76500696874 /* UIImage+MSCKit.h */ = {isa = PBXFileReference; fileEncoding = 4; lastKnownFileType = sourcecode.c.h; path = "UIImage+MSCKit.h"; sourceTree = "<group>"; };
		07FE64471C75A76500696874 /* UIImage+MSCKit.m */ = {isa = PBXFileReference; fileEncoding = 4; lastKnownFileType = sourcecode.c.objc; path = "UIImage+MSCKit.m"; sourceTree = "<group>"; };
		07FE64491C75A9D100696874 /* image_v.png */ = {isa = PBXFileReference; lastKnownFileType = image.png; path = image_v.png; sourceTree = "<group>"; };
		07FE644B1C75C3AD00696874 /* UIViewDrawRect.h */ = {isa = PBXFileReference; fileEncoding = 4; lastKnownFileType = sourcecode.c.h; path = UIViewDrawRect.h; sourceTree = "<group>"; };
		07FE644C1C75C3AD00696874 /* UIViewDrawRect.m */ = {isa = PBXFileReference; fileEncoding = 4; lastKnownFileType = sourcecode.c.objc; path = UIViewDrawRect.m; sourceTree = "<group>"; };
		3CD5F172C2606C68B385538C /* Pods-MSCKitDemo.release.xcconfig */ = {isa = PBXFileReference; includeInIndex = 1; lastKnownFileType = text.xcconfig; name = "Pods-MSCKitDemo.release.xcconfig"; path = "Pods/Target Support Files/Pods-MSCKitDemo/Pods-MSCKitDemo.release.xcconfig"; sourceTree = "<group>"; };
		7A3667E4201EEE0A001D4208 /* BaseModel.h */ = {isa = PBXFileReference; lastKnownFileType = sourcecode.c.h; path = BaseModel.h; sourceTree = "<group>"; };
		7A3667E5201EEE0A001D4208 /* BaseModel.m */ = {isa = PBXFileReference; lastKnownFileType = sourcecode.c.objc; path = BaseModel.m; sourceTree = "<group>"; };
		7A3667E9201EEFB8001D4208 /* MSCTimer.h */ = {isa = PBXFileReference; lastKnownFileType = sourcecode.c.h; path = MSCTimer.h; sourceTree = "<group>"; };
		7A3667EA201EEFB8001D4208 /* MSCTimer.m */ = {isa = PBXFileReference; lastKnownFileType = sourcecode.c.objc; path = MSCTimer.m; sourceTree = "<group>"; };
		7A3667ED201EF578001D4208 /* MSCNetworkMonitor.h */ = {isa = PBXFileReference; lastKnownFileType = sourcecode.c.h; path = MSCNetworkMonitor.h; sourceTree = "<group>"; };
		7A3667EE201EF578001D4208 /* MSCNetworkMonitor.m */ = {isa = PBXFileReference; lastKnownFileType = sourcecode.c.objc; path = MSCNetworkMonitor.m; sourceTree = "<group>"; };
		7A3667F1201EF8CE001D4208 /* MSCDataCache.h */ = {isa = PBXFileReference; lastKnownFileType = sourcecode.c.h; path = MSCDataCache.h; sourceTree = "<group>"; };
		7A3667F2201EF8CE001D4208 /* MSCDataCache.m */ = {isa = PBXFileReference; lastKnownFileType = sourcecode.c.objc; path = MSCDataCache.m; sourceTree = "<group>"; };
		7A3667F4201EFFDD001D4208 /* UIAlertView+MSCBlock.h */ = {isa = PBXFileReference; fileEncoding = 4; lastKnownFileType = sourcecode.c.h; path = "UIAlertView+MSCBlock.h"; sourceTree = "<group>"; };
		7A3667F5201EFFDD001D4208 /* UIAlertView+MSCBlock.m */ = {isa = PBXFileReference; fileEncoding = 4; lastKnownFileType = sourcecode.c.objc; path = "UIAlertView+MSCBlock.m"; sourceTree = "<group>"; };
		7A3667F7201F022D001D4208 /* UITableView+Custom.m */ = {isa = PBXFileReference; fileEncoding = 4; lastKnownFileType = sourcecode.c.objc; path = "UITableView+Custom.m"; sourceTree = "<group>"; };
		7A3667F8201F022D001D4208 /* UITableView+Custom.h */ = {isa = PBXFileReference; fileEncoding = 4; lastKnownFileType = sourcecode.c.h; path = "UITableView+Custom.h"; sourceTree = "<group>"; };
		7A79403D1EEFB5F10051839B /* MSCDevice.h */ = {isa = PBXFileReference; fileEncoding = 4; lastKnownFileType = sourcecode.c.h; path = MSCDevice.h; sourceTree = "<group>"; };
		7A79403E1EEFB5F10051839B /* MSCDevice.m */ = {isa = PBXFileReference; fileEncoding = 4; lastKnownFileType = sourcecode.c.objc; path = MSCDevice.m; sourceTree = "<group>"; };
		7A7940411EEFB9FF0051839B /* MSCKit.h */ = {isa = PBXFileReference; fileEncoding = 4; lastKnownFileType = sourcecode.c.h; path = MSCKit.h; sourceTree = "<group>"; };
		7A7940421EEFB9FF0051839B /* MSCKit.m */ = {isa = PBXFileReference; fileEncoding = 4; lastKnownFileType = sourcecode.c.objc; path = MSCKit.m; sourceTree = "<group>"; };
		7AC20A5D2007150C00255A14 /* BaseTableViewCell.h */ = {isa = PBXFileReference; lastKnownFileType = sourcecode.c.h; path = BaseTableViewCell.h; sourceTree = "<group>"; };
		7AC20A5E2007150C00255A14 /* BaseTableViewCell.m */ = {isa = PBXFileReference; lastKnownFileType = sourcecode.c.objc; path = BaseTableViewCell.m; sourceTree = "<group>"; };
		7AC20A602007164800255A14 /* BaseCollectionViewCell.h */ = {isa = PBXFileReference; lastKnownFileType = sourcecode.c.h; path = BaseCollectionViewCell.h; sourceTree = "<group>"; };
		7AC20A612007164800255A14 /* BaseCollectionViewCell.m */ = {isa = PBXFileReference; lastKnownFileType = sourcecode.c.objc; path = BaseCollectionViewCell.m; sourceTree = "<group>"; };
		87F1846AD30F40CCE7ACA51A /* Pods-MSCKitDemo.debug.xcconfig */ = {isa = PBXFileReference; includeInIndex = 1; lastKnownFileType = text.xcconfig; name = "Pods-MSCKitDemo.debug.xcconfig"; path = "Pods/Target Support Files/Pods-MSCKitDemo/Pods-MSCKitDemo.debug.xcconfig"; sourceTree = "<group>"; };
		AF5F7CAE9413C1DA6D46B026 /* Pods-MSCKitDemoTests.release.xcconfig */ = {isa = PBXFileReference; includeInIndex = 1; lastKnownFileType = text.xcconfig; name = "Pods-MSCKitDemoTests.release.xcconfig"; path = "Pods/Target Support Files/Pods-MSCKitDemoTests/Pods-MSCKitDemoTests.release.xcconfig"; sourceTree = "<group>"; };
		E37708E17A10D4764EECB06B /* libPods-MSCKitDemoTests.a */ = {isa = PBXFileReference; explicitFileType = archive.ar; includeInIndex = 0; path = "libPods-MSCKitDemoTests.a"; sourceTree = BUILT_PRODUCTS_DIR; };
		FA59A73F54D5EBCF5C3A160A /* Pods-MSCKitDemoTests.debug.xcconfig */ = {isa = PBXFileReference; includeInIndex = 1; lastKnownFileType = text.xcconfig; name = "Pods-MSCKitDemoTests.debug.xcconfig"; path = "Pods/Target Support Files/Pods-MSCKitDemoTests/Pods-MSCKitDemoTests.debug.xcconfig"; sourceTree = "<group>"; };
/* End PBXFileReference section */

/* Begin PBXFrameworksBuildPhase section */
		07DD154C1BE1F6A4006158E6 /* Frameworks */ = {
			isa = PBXFrameworksBuildPhase;
			buildActionMask = 2147483647;
			files = (
				80C5EF605098E2DC6D630E0D /* libPods-MSCKitDemo.a in Frameworks */,
			);
			runOnlyForDeploymentPostprocessing = 0;
		};
		07DD15651BE1F6A4006158E6 /* Frameworks */ = {
			isa = PBXFrameworksBuildPhase;
			buildActionMask = 2147483647;
			files = (
				7B7DED4B1E8996599CE06997 /* libPods-MSCKitDemoTests.a in Frameworks */,
			);
			runOnlyForDeploymentPostprocessing = 0;
		};
		07DD15701BE1F6A4006158E6 /* Frameworks */ = {
			isa = PBXFrameworksBuildPhase;
			buildActionMask = 2147483647;
			files = (
			);
			runOnlyForDeploymentPostprocessing = 0;
		};
/* End PBXFrameworksBuildPhase section */

/* Begin PBXGroup section */
		0726C7DD1C63454900968160 /* UIKit+MSCKit */ = {
			isa = PBXGroup;
			children = (
				7A3667F8201F022D001D4208 /* UITableView+Custom.h */,
				7A3667F7201F022D001D4208 /* UITableView+Custom.m */,
				7A3667F4201EFFDD001D4208 /* UIAlertView+MSCBlock.h */,
				7A3667F5201EFFDD001D4208 /* UIAlertView+MSCBlock.m */,
				074F925C1C755EAE0017529B /* UIView+MSCKit.h */,
				074F925D1C755EAE0017529B /* UIView+MSCKit.m */,
				07FE64401C75724100696874 /* UIColor+MSCKit.h */,
				07FE64411C75724100696874 /* UIColor+MSCKit.m */,
				07FE64431C759D5C00696874 /* UIFont+MSCKit.h */,
				07FE64441C759D5C00696874 /* UIFont+MSCKit.m */,
				07FE64461C75A76500696874 /* UIImage+MSCKit.h */,
				07FE64471C75A76500696874 /* UIImage+MSCKit.m */,
				0754A9A01C7BF716006FCB08 /* UIButton+MSCKit.h */,
				0754A9A11C7BF716006FCB08 /* UIButton+MSCKit.m */,
				0754A9A31C7C155D006FCB08 /* UIImageView+MSCKit.h */,
				0754A9A41C7C155D006FCB08 /* UIImageView+MSCKit.m */,
			);
			path = "UIKit+MSCKit";
			sourceTree = "<group>";
		};
		0754A9A61C7C1FBB006FCB08 /* System */ = {
			isa = PBXGroup;
			children = (
				7A79403D1EEFB5F10051839B /* MSCDevice.h */,
				7A79403E1EEFB5F10051839B /* MSCDevice.m */,
				0754A9A71C7C1FD5006FCB08 /* MSCApp.h */,
				0754A9A81C7C1FD5006FCB08 /* MSCApp.m */,
				0754A9AA1C7C2771006FCB08 /* MSCSystem.h */,
				0754A9AB1C7C2771006FCB08 /* MSCSystem.m */,
			);
			path = System;
			sourceTree = "<group>";
		};
		07AF039F1C61B94400CA1CDD /* Core */ = {
			isa = PBXGroup;
			children = (
				07AF03A01C61BA6500CA1CDD /* MSCCoreUtils.h */,
				07AF03A11C61BA6500CA1CDD /* MSCCoreUtils.m */,
				0726C7DA1C62EEAC00968160 /* MSCCoreUtils+NSString.h */,
				0726C7DB1C62EEAC00968160 /* MSCCoreUtils+NSString.m */,
			);
			path = Core;
			sourceTree = "<group>";
		};
		07AF03BD1C621A5900CA1CDD /* Foundation+MSCKit */ = {
			isa = PBXGroup;
			children = (
				07AF03BE1C621ADE00CA1CDD /* NSArray+MSCKit.h */,
				07AF03BF1C621ADE00CA1CDD /* NSArray+MSCKit.m */,
				07AF03C01C621ADE00CA1CDD /* NSData+MSCKit.h */,
				07AF03C11C621ADE00CA1CDD /* NSData+MSCKit.m */,
				07AF03C21C621ADE00CA1CDD /* NSDate+MSCKit.h */,
				07AF03C31C621ADE00CA1CDD /* NSDate+MSCKit.m */,
				07AF03C41C621ADE00CA1CDD /* NSDictionary+MSCKit.h */,
				07AF03C51C621ADE00CA1CDD /* NSDictionary+MSCKit.m */,
				07AF03C61C621ADE00CA1CDD /* NSMutableArray+MSCKit.h */,
				07AF03C71C621ADE00CA1CDD /* NSMutableArray+MSCKit.m */,
				07AF03C81C621ADE00CA1CDD /* NSMutableDictionary+MSCKit.h */,
				07AF03C91C621ADE00CA1CDD /* NSMutableDictionary+MSCKit.m */,
				07AF03CA1C621ADE00CA1CDD /* NSNumber+MSCKit.h */,
				07AF03CB1C621ADE00CA1CDD /* NSNumber+MSCKit.m */,
				07AF03CC1C621ADE00CA1CDD /* NSString+MSCKit.h */,
				07AF03CD1C621ADE00CA1CDD /* NSString+MSCKit.m */,
				0754A9AD1C7C6BCE006FCB08 /* NSObject+MSCKit.h */,
				0754A9AE1C7C6BCE006FCB08 /* NSObject+MSCKit.m */,
				0754A9B01C7C6E6A006FCB08 /* NSUserDefaults+MSCKit.h */,
				0754A9B11C7C6E6A006FCB08 /* NSUserDefaults+MSCKit.m */,
				079A955D1C7CA45600E6B272 /* NSFileManager+MSCKit.h */,
				079A955E1C7CA45600E6B272 /* NSFileManager+MSCKit.m */,
				079A95601C7CB71500E6B272 /* NSTimer+MSCKit.h */,
				079A95611C7CB71500E6B272 /* NSTimer+MSCKit.m */,
			);
			path = "Foundation+MSCKit";
			sourceTree = "<group>";
		};
		07DD15461BE1F6A4006158E6 = {
			isa = PBXGroup;
			children = (
				07DD15851BE1F6BD006158E6 /* MSCKit */,
				07DD15511BE1F6A4006158E6 /* MSCKitDemo */,
				07DD156B1BE1F6A4006158E6 /* MSCKitDemoTests */,
				07DD15761BE1F6A4006158E6 /* MSCKitDemoUITests */,
				07DD15501BE1F6A4006158E6 /* Products */,
				DFB4CEE483BB448325147B58 /* Pods */,
				6AA0971D5C1F49E64289FE7C /* Frameworks */,
			);
			sourceTree = "<group>";
		};
		07DD15501BE1F6A4006158E6 /* Products */ = {
			isa = PBXGroup;
			children = (
				07DD154F1BE1F6A4006158E6 /* MSCKitDemo.app */,
				07DD15681BE1F6A4006158E6 /* MSCKitDemoTests.xctest */,
				07DD15731BE1F6A4006158E6 /* MSCKitDemoUITests.xctest */,
			);
			name = Products;
			sourceTree = "<group>";
		};
		07DD15511BE1F6A4006158E6 /* MSCKitDemo */ = {
			isa = PBXGroup;
			children = (
				07FE64491C75A9D100696874 /* image_v.png */,
				07DD15551BE1F6A4006158E6 /* AppDelegate.h */,
				07DD15561BE1F6A4006158E6 /* AppDelegate.m */,
				07DD15581BE1F6A4006158E6 /* ViewController.h */,
				07DD15591BE1F6A4006158E6 /* ViewController.m */,
				07FE644B1C75C3AD00696874 /* UIViewDrawRect.h */,
				07FE644C1C75C3AD00696874 /* UIViewDrawRect.m */,
				07DD155B1BE1F6A4006158E6 /* Main.storyboard */,
				07DD155E1BE1F6A4006158E6 /* Assets.xcassets */,
				07DD15601BE1F6A4006158E6 /* LaunchScreen.storyboard */,
				07DD15631BE1F6A4006158E6 /* Info.plist */,
				07DD15521BE1F6A4006158E6 /* Supporting Files */,
			);
			path = MSCKitDemo;
			sourceTree = "<group>";
		};
		07DD15521BE1F6A4006158E6 /* Supporting Files */ = {
			isa = PBXGroup;
			children = (
				07DD15531BE1F6A4006158E6 /* main.m */,
			);
			name = "Supporting Files";
			sourceTree = "<group>";
		};
		07DD156B1BE1F6A4006158E6 /* MSCKitDemoTests */ = {
			isa = PBXGroup;
			children = (
				07DD156C1BE1F6A4006158E6 /* MSCKitDemoTests.m */,
				07DD156E1BE1F6A4006158E6 /* Info.plist */,
			);
			path = MSCKitDemoTests;
			sourceTree = "<group>";
		};
		07DD15761BE1F6A4006158E6 /* MSCKitDemoUITests */ = {
			isa = PBXGroup;
			children = (
				07DD15771BE1F6A4006158E6 /* MSCKitDemoUITests.m */,
				07DD15791BE1F6A4006158E6 /* Info.plist */,
			);
			path = MSCKitDemoUITests;
			sourceTree = "<group>";
		};
		07DD15851BE1F6BD006158E6 /* MSCKit */ = {
			isa = PBXGroup;
			children = (
				7A7940411EEFB9FF0051839B /* MSCKit.h */,
				7A7940421EEFB9FF0051839B /* MSCKit.m */,
				7AC20A5C200714C000255A14 /* BaseClass */,
				0754A9A61C7C1FBB006FCB08 /* System */,
				7A3667E7201EEF5E001D4208 /* Package */,
				07AF03BD1C621A5900CA1CDD /* Foundation+MSCKit */,
				0726C7DD1C63454900968160 /* UIKit+MSCKit */,
				07AF039F1C61B94400CA1CDD /* Core */,
			);
			path = MSCKit;
			sourceTree = "<group>";
		};
		6AA0971D5C1F49E64289FE7C /* Frameworks */ = {
			isa = PBXGroup;
			children = (
				040E3609CD4054BC0D92816C /* libPods-MSCKitDemo.a */,
				E37708E17A10D4764EECB06B /* libPods-MSCKitDemoTests.a */,
			);
			name = Frameworks;
			sourceTree = "<group>";
		};
		7A3667E7201EEF5E001D4208 /* Package */ = {
			isa = PBXGroup;
			children = (
				7A3667F0201EF8B2001D4208 /* MSCDataCache */,
				7A3667EC201EF555001D4208 /* MSCNetworkMonitor */,
				7A3667E8201EEF9F001D4208 /* MSCTimer */,
			);
			path = Package;
			sourceTree = "<group>";
		};
		7A3667E8201EEF9F001D4208 /* MSCTimer */ = {
			isa = PBXGroup;
			children = (
				7A3667E9201EEFB8001D4208 /* MSCTimer.h */,
				7A3667EA201EEFB8001D4208 /* MSCTimer.m */,
			);
			path = MSCTimer;
			sourceTree = "<group>";
		};
		7A3667EC201EF555001D4208 /* MSCNetworkMonitor */ = {
			isa = PBXGroup;
			children = (
				7A3667ED201EF578001D4208 /* MSCNetworkMonitor.h */,
				7A3667EE201EF578001D4208 /* MSCNetworkMonitor.m */,
			);
			path = MSCNetworkMonitor;
			sourceTree = "<group>";
		};
		7A3667F0201EF8B2001D4208 /* MSCDataCache */ = {
			isa = PBXGroup;
			children = (
				7A3667F1201EF8CE001D4208 /* MSCDataCache.h */,
				7A3667F2201EF8CE001D4208 /* MSCDataCache.m */,
			);
			path = MSCDataCache;
			sourceTree = "<group>";
		};
		7AC20A5C200714C000255A14 /* BaseClass */ = {
			isa = PBXGroup;
			children = (
				7AC20A5D2007150C00255A14 /* BaseTableViewCell.h */,
				7AC20A5E2007150C00255A14 /* BaseTableViewCell.m */,
				7AC20A602007164800255A14 /* BaseCollectionViewCell.h */,
				7AC20A612007164800255A14 /* BaseCollectionViewCell.m */,
				7A3667E4201EEE0A001D4208 /* BaseModel.h */,
				7A3667E5201EEE0A001D4208 /* BaseModel.m */,
			);
			path = BaseClass;
			sourceTree = "<group>";
		};
		DFB4CEE483BB448325147B58 /* Pods */ = {
			isa = PBXGroup;
			children = (
				87F1846AD30F40CCE7ACA51A /* Pods-MSCKitDemo.debug.xcconfig */,
				3CD5F172C2606C68B385538C /* Pods-MSCKitDemo.release.xcconfig */,
				FA59A73F54D5EBCF5C3A160A /* Pods-MSCKitDemoTests.debug.xcconfig */,
				AF5F7CAE9413C1DA6D46B026 /* Pods-MSCKitDemoTests.release.xcconfig */,
			);
			name = Pods;
			sourceTree = "<group>";
		};
/* End PBXGroup section */

/* Begin PBXNativeTarget section */
		07DD154E1BE1F6A4006158E6 /* MSCKitDemo */ = {
			isa = PBXNativeTarget;
			buildConfigurationList = 07DD157C1BE1F6A4006158E6 /* Build configuration list for PBXNativeTarget "MSCKitDemo" */;
			buildPhases = (
				A5C5803A2CC6C741E2901016 /* [CP] Check Pods Manifest.lock */,
				07DD154B1BE1F6A4006158E6 /* Sources */,
				07DD154C1BE1F6A4006158E6 /* Frameworks */,
				07DD154D1BE1F6A4006158E6 /* Resources */,
				E4DD51F5C3ED9FF7F8B4FF7F /* [CP] Embed Pods Frameworks */,
				1DD301E9350CE396C93D049C /* [CP] Copy Pods Resources */,
			);
			buildRules = (
			);
			dependencies = (
			);
			name = MSCKitDemo;
			productName = MSCKitDemo;
			productReference = 07DD154F1BE1F6A4006158E6 /* MSCKitDemo.app */;
			productType = "com.apple.product-type.application";
		};
		07DD15671BE1F6A4006158E6 /* MSCKitDemoTests */ = {
			isa = PBXNativeTarget;
			buildConfigurationList = 07DD157F1BE1F6A4006158E6 /* Build configuration list for PBXNativeTarget "MSCKitDemoTests" */;
			buildPhases = (
				DF8597EA058D3468C6C0114A /* [CP] Check Pods Manifest.lock */,
				07DD15641BE1F6A4006158E6 /* Sources */,
				07DD15651BE1F6A4006158E6 /* Frameworks */,
				07DD15661BE1F6A4006158E6 /* Resources */,
				2393000304B97E6A558B86BE /* [CP] Embed Pods Frameworks */,
				E1BF24B99FFB0EA8FB1B1112 /* [CP] Copy Pods Resources */,
			);
			buildRules = (
			);
			dependencies = (
				07DD156A1BE1F6A4006158E6 /* PBXTargetDependency */,
			);
			name = MSCKitDemoTests;
			productName = MSCKitDemoTests;
			productReference = 07DD15681BE1F6A4006158E6 /* MSCKitDemoTests.xctest */;
			productType = "com.apple.product-type.bundle.unit-test";
		};
		07DD15721BE1F6A4006158E6 /* MSCKitDemoUITests */ = {
			isa = PBXNativeTarget;
			buildConfigurationList = 07DD15821BE1F6A4006158E6 /* Build configuration list for PBXNativeTarget "MSCKitDemoUITests" */;
			buildPhases = (
				07DD156F1BE1F6A4006158E6 /* Sources */,
				07DD15701BE1F6A4006158E6 /* Frameworks */,
				07DD15711BE1F6A4006158E6 /* Resources */,
			);
			buildRules = (
			);
			dependencies = (
				07DD15751BE1F6A4006158E6 /* PBXTargetDependency */,
			);
			name = MSCKitDemoUITests;
			productName = MSCKitDemoUITests;
			productReference = 07DD15731BE1F6A4006158E6 /* MSCKitDemoUITests.xctest */;
			productType = "com.apple.product-type.bundle.ui-testing";
		};
/* End PBXNativeTarget section */

/* Begin PBXProject section */
		07DD15471BE1F6A4006158E6 /* Project object */ = {
			isa = PBXProject;
			attributes = {
				LastUpgradeCheck = 0710;
				ORGANIZATIONNAME = MiaoShichang;
				TargetAttributes = {
					07DD154E1BE1F6A4006158E6 = {
						CreatedOnToolsVersion = 7.1;
						DevelopmentTeam = WF6A3C787Y;
					};
					07DD15671BE1F6A4006158E6 = {
						CreatedOnToolsVersion = 7.1;
						TestTargetID = 07DD154E1BE1F6A4006158E6;
					};
					07DD15721BE1F6A4006158E6 = {
						CreatedOnToolsVersion = 7.1;
						TestTargetID = 07DD154E1BE1F6A4006158E6;
					};
				};
			};
			buildConfigurationList = 07DD154A1BE1F6A4006158E6 /* Build configuration list for PBXProject "MSCKitDemo" */;
			compatibilityVersion = "Xcode 3.2";
			developmentRegion = English;
			hasScannedForEncodings = 0;
			knownRegions = (
				en,
				Base,
			);
			mainGroup = 07DD15461BE1F6A4006158E6;
			productRefGroup = 07DD15501BE1F6A4006158E6 /* Products */;
			projectDirPath = "";
			projectRoot = "";
			targets = (
				07DD154E1BE1F6A4006158E6 /* MSCKitDemo */,
				07DD15671BE1F6A4006158E6 /* MSCKitDemoTests */,
				07DD15721BE1F6A4006158E6 /* MSCKitDemoUITests */,
			);
		};
/* End PBXProject section */

/* Begin PBXResourcesBuildPhase section */
		07DD154D1BE1F6A4006158E6 /* Resources */ = {
			isa = PBXResourcesBuildPhase;
			buildActionMask = 2147483647;
			files = (
				07DD15621BE1F6A4006158E6 /* LaunchScreen.storyboard in Resources */,
				07FE644A1C75A9D100696874 /* image_v.png in Resources */,
				07DD155F1BE1F6A4006158E6 /* Assets.xcassets in Resources */,
				07DD155D1BE1F6A4006158E6 /* Main.storyboard in Resources */,
			);
			runOnlyForDeploymentPostprocessing = 0;
		};
		07DD15661BE1F6A4006158E6 /* Resources */ = {
			isa = PBXResourcesBuildPhase;
			buildActionMask = 2147483647;
			files = (
			);
			runOnlyForDeploymentPostprocessing = 0;
		};
		07DD15711BE1F6A4006158E6 /* Resources */ = {
			isa = PBXResourcesBuildPhase;
			buildActionMask = 2147483647;
			files = (
			);
			runOnlyForDeploymentPostprocessing = 0;
		};
/* End PBXResourcesBuildPhase section */

/* Begin PBXShellScriptBuildPhase section */
		1DD301E9350CE396C93D049C /* [CP] Copy Pods Resources */ = {
			isa = PBXShellScriptBuildPhase;
			buildActionMask = 2147483647;
			files = (
			);
			inputPaths = (
				"${SRCROOT}/Pods/Target Support Files/Pods-MSCKitDemo/Pods-MSCKitDemo-resources.sh",
				"${PODS_ROOT}/WeexSDK/pre-build/native-bundle-main.js",
				"${PODS_ROOT}/WeexSDK/ios/sdk/WeexSDK/Resources/wx_load_error@3x.png",
			);
			name = "[CP] Copy Pods Resources";
			outputPaths = (
				"${TARGET_BUILD_DIR}/${UNLOCALIZED_RESOURCES_FOLDER_PATH}",
			);
			runOnlyForDeploymentPostprocessing = 0;
			shellPath = /bin/sh;
			shellScript = "\"${SRCROOT}/Pods/Target Support Files/Pods-MSCKitDemo/Pods-MSCKitDemo-resources.sh\"\n";
			showEnvVarsInLog = 0;
		};
		2393000304B97E6A558B86BE /* [CP] Embed Pods Frameworks */ = {
			isa = PBXShellScriptBuildPhase;
			buildActionMask = 2147483647;
			files = (
			);
			inputPaths = (
			);
			name = "[CP] Embed Pods Frameworks";
			outputPaths = (
			);
			runOnlyForDeploymentPostprocessing = 0;
			shellPath = /bin/sh;
			shellScript = "\"${SRCROOT}/Pods/Target Support Files/Pods-MSCKitDemoTests/Pods-MSCKitDemoTests-frameworks.sh\"\n";
			showEnvVarsInLog = 0;
		};
		A5C5803A2CC6C741E2901016 /* [CP] Check Pods Manifest.lock */ = {
			isa = PBXShellScriptBuildPhase;
			buildActionMask = 2147483647;
			files = (
			);
			inputPaths = (
				"${PODS_PODFILE_DIR_PATH}/Podfile.lock",
				"${PODS_ROOT}/Manifest.lock",
			);
			name = "[CP] Check Pods Manifest.lock";
			outputPaths = (
				"$(DERIVED_FILE_DIR)/Pods-MSCKitDemo-checkManifestLockResult.txt",
			);
			runOnlyForDeploymentPostprocessing = 0;
			shellPath = /bin/sh;
			shellScript = "diff \"${PODS_PODFILE_DIR_PATH}/Podfile.lock\" \"${PODS_ROOT}/Manifest.lock\" > /dev/null\nif [ $? != 0 ] ; then\n    # print error to STDERR\n    echo \"error: The sandbox is not in sync with the Podfile.lock. Run 'pod install' or update your CocoaPods installation.\" >&2\n    exit 1\nfi\n# This output is used by Xcode 'outputs' to avoid re-running this script phase.\necho \"SUCCESS\" > \"${SCRIPT_OUTPUT_FILE_0}\"\n";
			showEnvVarsInLog = 0;
		};
		DF8597EA058D3468C6C0114A /* [CP] Check Pods Manifest.lock */ = {
			isa = PBXShellScriptBuildPhase;
			buildActionMask = 2147483647;
			files = (
			);
			inputPaths = (
				"${PODS_PODFILE_DIR_PATH}/Podfile.lock",
				"${PODS_ROOT}/Manifest.lock",
			);
			name = "[CP] Check Pods Manifest.lock";
			outputPaths = (
				"$(DERIVED_FILE_DIR)/Pods-MSCKitDemoTests-checkManifestLockResult.txt",
			);
			runOnlyForDeploymentPostprocessing = 0;
			shellPath = /bin/sh;
			shellScript = "diff \"${PODS_PODFILE_DIR_PATH}/Podfile.lock\" \"${PODS_ROOT}/Manifest.lock\" > /dev/null\nif [ $? != 0 ] ; then\n    # print error to STDERR\n    echo \"error: The sandbox is not in sync with the Podfile.lock. Run 'pod install' or update your CocoaPods installation.\" >&2\n    exit 1\nfi\n# This output is used by Xcode 'outputs' to avoid re-running this script phase.\necho \"SUCCESS\" > \"${SCRIPT_OUTPUT_FILE_0}\"\n";
			showEnvVarsInLog = 0;
		};
		E1BF24B99FFB0EA8FB1B1112 /* [CP] Copy Pods Resources */ = {
			isa = PBXShellScriptBuildPhase;
			buildActionMask = 2147483647;
			files = (
			);
			inputPaths = (
			);
			name = "[CP] Copy Pods Resources";
			outputPaths = (
			);
			runOnlyForDeploymentPostprocessing = 0;
			shellPath = /bin/sh;
			shellScript = "\"${SRCROOT}/Pods/Target Support Files/Pods-MSCKitDemoTests/Pods-MSCKitDemoTests-resources.sh\"\n";
			showEnvVarsInLog = 0;
		};
		E4DD51F5C3ED9FF7F8B4FF7F /* [CP] Embed Pods Frameworks */ = {
			isa = PBXShellScriptBuildPhase;
			buildActionMask = 2147483647;
			files = (
			);
			inputPaths = (
			);
			name = "[CP] Embed Pods Frameworks";
			outputPaths = (
			);
			runOnlyForDeploymentPostprocessing = 0;
			shellPath = /bin/sh;
			shellScript = "\"${SRCROOT}/Pods/Target Support Files/Pods-MSCKitDemo/Pods-MSCKitDemo-frameworks.sh\"\n";
			showEnvVarsInLog = 0;
		};
/* End PBXShellScriptBuildPhase section */

/* Begin PBXSourcesBuildPhase section */
		07DD154B1BE1F6A4006158E6 /* Sources */ = {
			isa = PBXSourcesBuildPhase;
			buildActionMask = 2147483647;
			files = (
				7A3667EF201EF578001D4208 /* MSCNetworkMonitor.m in Sources */,
				0754A9A21C7BF716006FCB08 /* UIButton+MSCKit.m in Sources */,
				07AF03CF1C621ADE00CA1CDD /* NSData+MSCKit.m in Sources */,
				0754A9AF1C7C6BCE006FCB08 /* NSObject+MSCKit.m in Sources */,
				079A95621C7CB71500E6B272 /* NSTimer+MSCKit.m in Sources */,
				7A79403F1EEFB5F10051839B /* MSCDevice.m in Sources */,
				07DD155A1BE1F6A4006158E6 /* ViewController.m in Sources */,
				07DD15571BE1F6A4006158E6 /* AppDelegate.m in Sources */,
				7A3667F6201EFFDE001D4208 /* UIAlertView+MSCBlock.m in Sources */,
				0754A9AC1C7C2771006FCB08 /* MSCSystem.m in Sources */,
				07AF03D11C621ADE00CA1CDD /* NSDictionary+MSCKit.m in Sources */,
				7A3667EB201EEFB8001D4208 /* MSCTimer.m in Sources */,
				074F925E1C755EAE0017529B /* UIView+MSCKit.m in Sources */,
				07AF03D31C621ADE00CA1CDD /* NSMutableDictionary+MSCKit.m in Sources */,
				07AF03D21C621ADE00CA1CDD /* NSMutableArray+MSCKit.m in Sources */,
				0754A9B21C7C6E6A006FCB08 /* NSUserDefaults+MSCKit.m in Sources */,
				7AC20A622007164800255A14 /* BaseCollectionViewCell.m in Sources */,
				07FE644D1C75C3AD00696874 /* UIViewDrawRect.m in Sources */,
				07AF03D51C621ADE00CA1CDD /* NSString+MSCKit.m in Sources */,
				7A3667F3201EF8CE001D4208 /* MSCDataCache.m in Sources */,
				07FE64451C759D5C00696874 /* UIFont+MSCKit.m in Sources */,
				07DD15541BE1F6A4006158E6 /* main.m in Sources */,
				7A3667F9201F022D001D4208 /* UITableView+Custom.m in Sources */,
				0754A9A91C7C1FD5006FCB08 /* MSCApp.m in Sources */,
				079A955F1C7CA45600E6B272 /* NSFileManager+MSCKit.m in Sources */,
				7AC20A5F2007150C00255A14 /* BaseTableViewCell.m in Sources */,
				7A3667E6201EEE0A001D4208 /* BaseModel.m in Sources */,
				0726C7DC1C62EEAC00968160 /* MSCCoreUtils+NSString.m in Sources */,
				0754A9A51C7C155D006FCB08 /* UIImageView+MSCKit.m in Sources */,
				07FE64481C75A76500696874 /* UIImage+MSCKit.m in Sources */,
				7A7940431EEFB9FF0051839B /* MSCKit.m in Sources */,
				07AF03D41C621ADE00CA1CDD /* NSNumber+MSCKit.m in Sources */,
				07AF03A21C61BA6500CA1CDD /* MSCCoreUtils.m in Sources */,
				07AF03CE1C621ADE00CA1CDD /* NSArray+MSCKit.m in Sources */,
				07FE64421C75724100696874 /* UIColor+MSCKit.m in Sources */,
				07AF03D01C621ADE00CA1CDD /* NSDate+MSCKit.m in Sources */,
			);
			runOnlyForDeploymentPostprocessing = 0;
		};
		07DD15641BE1F6A4006158E6 /* Sources */ = {
			isa = PBXSourcesBuildPhase;
			buildActionMask = 2147483647;
			files = (
				07DD156D1BE1F6A4006158E6 /* MSCKitDemoTests.m in Sources */,
			);
			runOnlyForDeploymentPostprocessing = 0;
		};
		07DD156F1BE1F6A4006158E6 /* Sources */ = {
			isa = PBXSourcesBuildPhase;
			buildActionMask = 2147483647;
			files = (
				07DD15781BE1F6A4006158E6 /* MSCKitDemoUITests.m in Sources */,
			);
			runOnlyForDeploymentPostprocessing = 0;
		};
/* End PBXSourcesBuildPhase section */

/* Begin PBXTargetDependency section */
		07DD156A1BE1F6A4006158E6 /* PBXTargetDependency */ = {
			isa = PBXTargetDependency;
			target = 07DD154E1BE1F6A4006158E6 /* MSCKitDemo */;
			targetProxy = 07DD15691BE1F6A4006158E6 /* PBXContainerItemProxy */;
		};
		07DD15751BE1F6A4006158E6 /* PBXTargetDependency */ = {
			isa = PBXTargetDependency;
			target = 07DD154E1BE1F6A4006158E6 /* MSCKitDemo */;
			targetProxy = 07DD15741BE1F6A4006158E6 /* PBXContainerItemProxy */;
		};
/* End PBXTargetDependency section */

/* Begin PBXVariantGroup section */
		07DD155B1BE1F6A4006158E6 /* Main.storyboard */ = {
			isa = PBXVariantGroup;
			children = (
				07DD155C1BE1F6A4006158E6 /* Base */,
			);
			name = Main.storyboard;
			sourceTree = "<group>";
		};
		07DD15601BE1F6A4006158E6 /* LaunchScreen.storyboard */ = {
			isa = PBXVariantGroup;
			children = (
				07DD15611BE1F6A4006158E6 /* Base */,
			);
			name = LaunchScreen.storyboard;
			sourceTree = "<group>";
		};
/* End PBXVariantGroup section */

/* Begin XCBuildConfiguration section */
		07DD157A1BE1F6A4006158E6 /* Debug */ = {
			isa = XCBuildConfiguration;
			buildSettings = {
				ALWAYS_SEARCH_USER_PATHS = NO;
				CLANG_CXX_LANGUAGE_STANDARD = "gnu++0x";
				CLANG_CXX_LIBRARY = "libc++";
				CLANG_ENABLE_MODULES = YES;
				CLANG_ENABLE_OBJC_ARC = YES;
				CLANG_WARN_BOOL_CONVERSION = YES;
				CLANG_WARN_CONSTANT_CONVERSION = YES;
				CLANG_WARN_DIRECT_OBJC_ISA_USAGE = YES_ERROR;
				CLANG_WARN_EMPTY_BODY = YES;
				CLANG_WARN_ENUM_CONVERSION = YES;
				CLANG_WARN_INT_CONVERSION = YES;
				CLANG_WARN_OBJC_ROOT_CLASS = YES_ERROR;
				CLANG_WARN_UNREACHABLE_CODE = YES;
				CLANG_WARN__DUPLICATE_METHOD_MATCH = YES;
				"CODE_SIGN_IDENTITY[sdk=iphoneos*]" = "iPhone Developer";
				COPY_PHASE_STRIP = NO;
				DEBUG_INFORMATION_FORMAT = dwarf;
				ENABLE_STRICT_OBJC_MSGSEND = YES;
				ENABLE_TESTABILITY = YES;
				GCC_C_LANGUAGE_STANDARD = gnu99;
				GCC_DYNAMIC_NO_PIC = NO;
				GCC_NO_COMMON_BLOCKS = YES;
				GCC_OPTIMIZATION_LEVEL = 0;
				GCC_PREPROCESSOR_DEFINITIONS = (
					"DEBUG=1",
					"$(inherited)",
				);
				GCC_WARN_64_TO_32_BIT_CONVERSION = YES;
				GCC_WARN_ABOUT_RETURN_TYPE = YES_ERROR;
				GCC_WARN_UNDECLARED_SELECTOR = YES;
				GCC_WARN_UNINITIALIZED_AUTOS = YES_AGGRESSIVE;
				GCC_WARN_UNUSED_FUNCTION = YES;
				GCC_WARN_UNUSED_VARIABLE = YES;
				IPHONEOS_DEPLOYMENT_TARGET = 9.1;
				MTL_ENABLE_DEBUG_INFO = YES;
				ONLY_ACTIVE_ARCH = YES;
				SDKROOT = iphoneos;
			};
			name = Debug;
		};
		07DD157B1BE1F6A4006158E6 /* Release */ = {
			isa = XCBuildConfiguration;
			buildSettings = {
				ALWAYS_SEARCH_USER_PATHS = NO;
				CLANG_CXX_LANGUAGE_STANDARD = "gnu++0x";
				CLANG_CXX_LIBRARY = "libc++";
				CLANG_ENABLE_MODULES = YES;
				CLANG_ENABLE_OBJC_ARC = YES;
				CLANG_WARN_BOOL_CONVERSION = YES;
				CLANG_WARN_CONSTANT_CONVERSION = YES;
				CLANG_WARN_DIRECT_OBJC_ISA_USAGE = YES_ERROR;
				CLANG_WARN_EMPTY_BODY = YES;
				CLANG_WARN_ENUM_CONVERSION = YES;
				CLANG_WARN_INT_CONVERSION = YES;
				CLANG_WARN_OBJC_ROOT_CLASS = YES_ERROR;
				CLANG_WARN_UNREACHABLE_CODE = YES;
				CLANG_WARN__DUPLICATE_METHOD_MATCH = YES;
				"CODE_SIGN_IDENTITY[sdk=iphoneos*]" = "iPhone Developer";
				COPY_PHASE_STRIP = NO;
				DEBUG_INFORMATION_FORMAT = "dwarf-with-dsym";
				ENABLE_NS_ASSERTIONS = NO;
				ENABLE_STRICT_OBJC_MSGSEND = YES;
				GCC_C_LANGUAGE_STANDARD = gnu99;
				GCC_NO_COMMON_BLOCKS = YES;
				GCC_WARN_64_TO_32_BIT_CONVERSION = YES;
				GCC_WARN_ABOUT_RETURN_TYPE = YES_ERROR;
				GCC_WARN_UNDECLARED_SELECTOR = YES;
				GCC_WARN_UNINITIALIZED_AUTOS = YES_AGGRESSIVE;
				GCC_WARN_UNUSED_FUNCTION = YES;
				GCC_WARN_UNUSED_VARIABLE = YES;
				IPHONEOS_DEPLOYMENT_TARGET = 9.1;
				MTL_ENABLE_DEBUG_INFO = NO;
				SDKROOT = iphoneos;
				VALIDATE_PRODUCT = YES;
			};
			name = Release;
		};
		07DD157D1BE1F6A4006158E6 /* Debug */ = {
			isa = XCBuildConfiguration;
			baseConfigurationReference = 87F1846AD30F40CCE7ACA51A /* Pods-MSCKitDemo.debug.xcconfig */;
			buildSettings = {
				ASSETCATALOG_COMPILER_APPICON_NAME = AppIcon;
				DEVELOPMENT_TEAM = WF6A3C787Y;
				INFOPLIST_FILE = MSCKitDemo/Info.plist;
				IPHONEOS_DEPLOYMENT_TARGET = 9.0;
				LD_RUNPATH_SEARCH_PATHS = "$(inherited) @executable_path/Frameworks";
				PRODUCT_BUNDLE_IDENTIFIER = cn.miaoshichang.MSCKitDemo;
				PRODUCT_NAME = "$(TARGET_NAME)";
			};
			name = Debug;
		};
		07DD157E1BE1F6A4006158E6 /* Release */ = {
			isa = XCBuildConfiguration;
			baseConfigurationReference = 3CD5F172C2606C68B385538C /* Pods-MSCKitDemo.release.xcconfig */;
			buildSettings = {
				ASSETCATALOG_COMPILER_APPICON_NAME = AppIcon;
				DEVELOPMENT_TEAM = WF6A3C787Y;
				INFOPLIST_FILE = MSCKitDemo/Info.plist;
				IPHONEOS_DEPLOYMENT_TARGET = 9.0;
				LD_RUNPATH_SEARCH_PATHS = "$(inherited) @executable_path/Frameworks";
				PRODUCT_BUNDLE_IDENTIFIER = cn.miaoshichang.MSCKitDemo;
				PRODUCT_NAME = "$(TARGET_NAME)";
			};
			name = Release;
		};
		07DD15801BE1F6A4006158E6 /* Debug */ = {
			isa = XCBuildConfiguration;
			baseConfigurationReference = FA59A73F54D5EBCF5C3A160A /* Pods-MSCKitDemoTests.debug.xcconfig */;
			buildSettings = {
				BUNDLE_LOADER = "$(TEST_HOST)";
				INFOPLIST_FILE = MSCKitDemoTests/Info.plist;
				LD_RUNPATH_SEARCH_PATHS = "$(inherited) @executable_path/Frameworks @loader_path/Frameworks";
				PRODUCT_BUNDLE_IDENTIFIER = cn.miaoshichang.MSCKitDemoTests;
				PRODUCT_NAME = "$(TARGET_NAME)";
				TEST_HOST = "$(BUILT_PRODUCTS_DIR)/MSCKitDemo.app/MSCKitDemo";
			};
			name = Debug;
		};
		07DD15811BE1F6A4006158E6 /* Release */ = {
			isa = XCBuildConfiguration;
			baseConfigurationReference = AF5F7CAE9413C1DA6D46B026 /* Pods-MSCKitDemoTests.release.xcconfig */;
			buildSettings = {
				BUNDLE_LOADER = "$(TEST_HOST)";
				INFOPLIST_FILE = MSCKitDemoTests/Info.plist;
				LD_RUNPATH_SEARCH_PATHS = "$(inherited) @executable_path/Frameworks @loader_path/Frameworks";
				PRODUCT_BUNDLE_IDENTIFIER = cn.miaoshichang.MSCKitDemoTests;
				PRODUCT_NAME = "$(TARGET_NAME)";
				TEST_HOST = "$(BUILT_PRODUCTS_DIR)/MSCKitDemo.app/MSCKitDemo";
			};
			name = Release;
		};
		07DD15831BE1F6A4006158E6 /* Debug */ = {
			isa = XCBuildConfiguration;
			buildSettings = {
				INFOPLIST_FILE = MSCKitDemoUITests/Info.plist;
				LD_RUNPATH_SEARCH_PATHS = "$(inherited) @executable_path/Frameworks @loader_path/Frameworks";
				PRODUCT_BUNDLE_IDENTIFIER = cn.miaoshichang.MSCKitDemoUITests;
				PRODUCT_NAME = "$(TARGET_NAME)";
				TEST_TARGET_NAME = MSCKitDemo;
				USES_XCTRUNNER = YES;
			};
			name = Debug;
		};
		07DD15841BE1F6A4006158E6 /* Release */ = {
			isa = XCBuildConfiguration;
			buildSettings = {
				INFOPLIST_FILE = MSCKitDemoUITests/Info.plist;
				LD_RUNPATH_SEARCH_PATHS = "$(inherited) @executable_path/Frameworks @loader_path/Frameworks";
				PRODUCT_BUNDLE_IDENTIFIER = cn.miaoshichang.MSCKitDemoUITests;
				PRODUCT_NAME = "$(TARGET_NAME)";
				TEST_TARGET_NAME = MSCKitDemo;
				USES_XCTRUNNER = YES;
			};
			name = Release;
		};
/* End XCBuildConfiguration section */

/* Begin XCConfigurationList section */
		07DD154A1BE1F6A4006158E6 /* Build configuration list for PBXProject "MSCKitDemo" */ = {
			isa = XCConfigurationList;
			buildConfigurations = (
				07DD157A1BE1F6A4006158E6 /* Debug */,
				07DD157B1BE1F6A4006158E6 /* Release */,
			);
			defaultConfigurationIsVisible = 0;
			defaultConfigurationName = Release;
		};
		07DD157C1BE1F6A4006158E6 /* Build configuration list for PBXNativeTarget "MSCKitDemo" */ = {
			isa = XCConfigurationList;
			buildConfigurations = (
				07DD157D1BE1F6A4006158E6 /* Debug */,
				07DD157E1BE1F6A4006158E6 /* Release */,
			);
			defaultConfigurationIsVisible = 0;
			defaultConfigurationName = Release;
		};
		07DD157F1BE1F6A4006158E6 /* Build configuration list for PBXNativeTarget "MSCKitDemoTests" */ = {
			isa = XCConfigurationList;
			buildConfigurations = (
				07DD15801BE1F6A4006158E6 /* Debug */,
				07DD15811BE1F6A4006158E6 /* Release */,
			);
			defaultConfigurationIsVisible = 0;
			defaultConfigurationName = Release;
		};
		07DD15821BE1F6A4006158E6 /* Build configuration list for PBXNativeTarget "MSCKitDemoUITests" */ = {
			isa = XCConfigurationList;
			buildConfigurations = (
				07DD15831BE1F6A4006158E6 /* Debug */,
				07DD15841BE1F6A4006158E6 /* Release */,
			);
			defaultConfigurationIsVisible = 0;
			defaultConfigurationName = Release;
		};
/* End XCConfigurationList section */
	};
	rootObject = 07DD15471BE1F6A4006158E6 /* Project object */;
}
